PODS:
  - ACPCore (2.9.9):
    - AEPCore
    - AEPIdentity
    - AEPLifecycle
    - AEPRulesEngine
    - AEPServices
    - AEPSignal
  - AEPAudience (3.0.0-beta.1):
    - AEPCore
    - AEPIdentity
    - AEPServices
  - AEPCore (3.0.0-beta.2):
    - AEPRulesEngine
    - AEPServices
  - AEPIdentity (3.0.0-beta.2):
    - AEPCore
  - AEPLifecycle (3.0.0-beta.2):
    - AEPCore
  - AEPRulesEngine (1.0.0-beta.1)
  - AEPServices (3.0.0-beta.2)
  - AEPSignal (3.0.0-beta.2):
    - AEPCore
  - AEPUserProfile (3.0.0-beta.1):
    - AEPCore
    - AEPServices

DEPENDENCIES:
  - ACPCore (from `./`)
  - "AEPAudience (from `git@github.com:adobe/aepsdk-audience-ios.git`, branch `main`)"
  - "AEPCore (from `git@github.com:adobe/aepsdk-core-ios.git`, branch `main`)"
  - "AEPIdentity (from `git@github.com:adobe/aepsdk-core-ios.git`, branch `main`)"
  - "AEPLifecycle (from `git@github.com:adobe/aepsdk-core-ios.git`, branch `main`)"
  - "AEPRulesEngine (from `git@github.com:adobe/aepsdk-rulesengine-ios.git`, branch `main`)"
  - "AEPServices (from `git@github.com:adobe/aepsdk-core-ios.git`, branch `main`)"
  - "AEPSignal (from `git@github.com:adobe/aepsdk-core-ios.git`, branch `main`)"
  - "AEPUserProfile (from `git@github.com:adobe/aepsdk-userprofile-ios.git`, branch `main`)"

EXTERNAL SOURCES:
  ACPCore:
    :path: "./"
  AEPAudience:
    :branch: main
    :git: "git@github.com:adobe/aepsdk-audience-ios.git"
  AEPCore:
    :branch: main
    :git: "git@github.com:adobe/aepsdk-core-ios.git"
  AEPIdentity:
    :branch: main
    :git: "git@github.com:adobe/aepsdk-core-ios.git"
  AEPLifecycle:
    :branch: main
    :git: "git@github.com:adobe/aepsdk-core-ios.git"
  AEPRulesEngine:
    :branch: main
    :git: "git@github.com:adobe/aepsdk-rulesengine-ios.git"
  AEPServices:
    :branch: main
    :git: "git@github.com:adobe/aepsdk-core-ios.git"
  AEPSignal:
    :branch: main
    :git: "git@github.com:adobe/aepsdk-core-ios.git"
  AEPUserProfile:
    :branch: main
    :git: "git@github.com:adobe/aepsdk-userprofile-ios.git"

CHECKOUT OPTIONS:
  AEPAudience:
    :commit: a986cc707e5f649f20f01ae478523cf31c9fac4c
    :git: "git@github.com:adobe/aepsdk-audience-ios.git"
  AEPCore:
    :commit: 428da71ca81f50340f70c562d412c3d7a155fba3
    :git: "git@github.com:adobe/aepsdk-core-ios.git"
  AEPIdentity:
    :commit: 428da71ca81f50340f70c562d412c3d7a155fba3
    :git: "git@github.com:adobe/aepsdk-core-ios.git"
  AEPLifecycle:
    :commit: 428da71ca81f50340f70c562d412c3d7a155fba3
    :git: "git@github.com:adobe/aepsdk-core-ios.git"
  AEPRulesEngine:
    :commit: b2e0247bf57975209997dd9a26fd576b7c420394
    :git: "git@github.com:adobe/aepsdk-rulesengine-ios.git"
  AEPServices:
    :commit: 428da71ca81f50340f70c562d412c3d7a155fba3
    :git: "git@github.com:adobe/aepsdk-core-ios.git"
  AEPSignal:
    :commit: 428da71ca81f50340f70c562d412c3d7a155fba3
    :git: "git@github.com:adobe/aepsdk-core-ios.git"
  AEPUserProfile:
    :commit: dddd83cf99e50a1aff4c1715094e04322ed6734f
    :git: "git@github.com:adobe/aepsdk-userprofile-ios.git"

SPEC CHECKSUMS:
  ACPCore: 67e4b855bf16cfb6a63024a4ddb73d15c0fd30e5
  AEPAudience: 3938058d79961cdbad5cdad6a813cd0ecf0b80e9
  AEPCore: 3c5374555adceead3e14503ced175e928969b989
  AEPIdentity: 04558a7692af328c7d30d2fa61e17183f4131117
  AEPLifecycle: 6c29286c403467dce7909292c25732196eafab1d
  AEPRulesEngine: 3860846bc56a1b1e3e69194016e168358b4b8efd
  AEPServices: a97f23f7dd26d9fc5ce0724fe2b2ad95ecd9189a
  AEPSignal: 1f85821d9d68b1bbed56059bf4ed7a260a9e64bc
  AEPUserProfile: 041364645c36e29119eb6dc680e12fddb562c2c8

PODFILE CHECKSUM: 1f65139eb49afa9c1d75ad062a36e12ba37eea2c

COCOAPODS: 1.10.0
