PODS:
  - ACPCore (2.9.9):
    - AEPCore
    - AEPIdentity
    - AEPLifecycle
    - AEPRulesEngine
    - AEPServices
    - AEPSignal
  - AdformAdobeExtension (1.5.1):
    - ACPCore (~> 2.3)
    - AdformTracking (~> 1.5.1)
  - AdformTracking (1.5.1):
    - Protobuf (~> 3.1)
  - AEPAssurance (1.0.0):
    - ACPCore
    - AEPAssurance/iOS (= 1.0.0)
  - AEPAssurance/iOS (1.0.0):
    - ACPCore
  - AEPCore (0.0.1):
    - AEPRulesEngine
    - AEPServices
  - AEPIdentity (0.0.1):
    - AEPCore
  - AEPLifecycle (0.0.1):
    - AEPCore
  - AEPRulesEngine (0.0.1)
  - AEPServices (0.0.1)
  - AEPSignal (0.0.1):
    - AEPCore
  - AppsFlyerAdobeExtension (5.4.1):
    - ACPCore
    - AppsFlyerFramework (~> 5.4.1)
  - AppsFlyerFramework (5.4.4)
  - Protobuf (3.13.0)

DEPENDENCIES:
  - ACPCore (from `../../`)
  - AdformAdobeExtension
  - AEPAssurance
  - "AEPCore (from `git@github.com:adobe/aepsdk-core-ios.git`, branch `main`)"
  - "AEPIdentity (from `git@github.com:adobe/aepsdk-core-ios.git`, branch `main`)"
  - "AEPLifecycle (from `git@github.com:adobe/aepsdk-core-ios.git`, branch `main`)"
  - "AEPRulesEngine (from `git@github.com:adobe/aepsdk-rulesengine-ios.git`, branch `main`)"
  - "AEPServices (from `git@github.com:adobe/aepsdk-core-ios.git`, branch `main`)"
  - "AEPSignal (from `git@github.com:adobe/aepsdk-core-ios.git`, branch `main`)"
  - AppsFlyerAdobeExtension (~> 5.4)

SPEC REPOS:
  trunk:
    - AdformAdobeExtension
    - AdformTracking
    - AEPAssurance
    - AppsFlyerAdobeExtension
    - AppsFlyerFramework
    - Protobuf

EXTERNAL SOURCES:
  ACPCore:
    :path: "../../"
  AEPCore:
    :branch: main
    :git: "git@github.com:adobe/aepsdk-core-ios.git"
  AEPIdentity:
    :branch: main
    :git: "git@github.com:adobe/aepsdk-core-ios.git"
  AEPLifecycle:
    :branch: main
    :git: "git@github.com:adobe/aepsdk-core-ios.git"
  AEPRulesEngine:
    :branch: main
    :git: "git@github.com:adobe/aepsdk-rulesengine-ios.git"
  AEPServices:
    :branch: main
    :git: "git@github.com:adobe/aepsdk-core-ios.git"
  AEPSignal:
    :branch: main
    :git: "git@github.com:adobe/aepsdk-core-ios.git"

CHECKOUT OPTIONS:
  AEPCore:
    :commit: 265a2db21b0c464b3259441323b4fcb91888a938
    :git: "git@github.com:adobe/aepsdk-core-ios.git"
  AEPIdentity:
    :commit: 265a2db21b0c464b3259441323b4fcb91888a938
    :git: "git@github.com:adobe/aepsdk-core-ios.git"
  AEPLifecycle:
    :commit: 265a2db21b0c464b3259441323b4fcb91888a938
    :git: "git@github.com:adobe/aepsdk-core-ios.git"
  AEPRulesEngine:
    :commit: b7e2b7d778b07be8fccd6641e8119767bfc26b1f
    :git: "git@github.com:adobe/aepsdk-rulesengine-ios.git"
  AEPServices:
    :commit: 265a2db21b0c464b3259441323b4fcb91888a938
    :git: "git@github.com:adobe/aepsdk-core-ios.git"
  AEPSignal:
    :commit: 265a2db21b0c464b3259441323b4fcb91888a938
    :git: "git@github.com:adobe/aepsdk-core-ios.git"

SPEC CHECKSUMS:
  ACPCore: 54bea9e0ab404307eb1e11806049a5a748156bbc
  AdformAdobeExtension: b123105956913d2789b98a05418ee2ff120b9ae6
  AdformTracking: 8bfde03b85e745a35bd66983384cf82f5a05d2f2
  AEPAssurance: 79480081626b89fc37af26bbbf4522af9718e75f
  AEPCore: e8ddaae01a787926fde35cfcc24770b26a765e58
  AEPIdentity: f46a1b34363243f8d417a8143bfb876a36809104
  AEPLifecycle: 9e63cf6a8085161f95706ddbffef20dd1d748c3e
  AEPRulesEngine: 5742652bd7ab65aa7325f731725d995947e41db8
  AEPServices: ad642c76cede1c7babb61e6804198ded4317d74f
  AEPSignal: b6473f4543d2b876c124d162228b49d53a31a552
  AppsFlyerAdobeExtension: 804317126d74cb753ff6c7e8088235908d0cd503
  AppsFlyerFramework: a511099f7bedbb1d5804d733c6152d6f8092c4fa
  Protobuf: 3dac39b34a08151c6d949560efe3f86134a3f748

PODFILE CHECKSUM: aa44c22ae7ffae3da7174853a2b5b6086ee02bad

COCOAPODS: 1.9.3
