PODS:
  - ACPAnalytics (2.9.9):
    - ACPCore
    - AEPAnalytics
    - AEPCore
    - AEPIdentity
    - AEPServices
  - ACPAudience (2.9.9):
    - ACPCore
    - AEPAudience
    - AEPCore
    - AEPIdentity
    - AEPServices
  - ACPCore (2.9.9):
    - AEPCore
    - AEPIdentity
    - AEPLifecycle
    - AEPRulesEngine
    - AEPServices
    - AEPSignal
  - ACPUserProfile (2.9.9):
    - ACPCore
    - AEPCore
    - AEPIdentity
    - AEPLifecycle
    - AEPRulesEngine
    - AEPServices
    - AEPSignal
    - AEPUserProfile
  - AdformAdobeExtension (1.5.1):
    - ACPCore (~> 2.3)
    - AdformTracking (~> 1.5.1)
  - AdformTracking (1.5.1):
    - Protobuf (~> 3.1)
  - AEPAnalytics (0.0.1):
    - AEPCore
    - AEPIdentity
    - AEPServices
  - AEPAssurance (1.1.0):
    - ACPCore (>= 2.9.0)
    - AEPAssurance/xcframeworks (= 1.1.0)
  - AEPAssurance/xcframeworks (1.1.0):
    - ACPCore (>= 2.9.0)
  - AEPAudience (3.0.0-beta.1):
    - AEPCore
    - AEPIdentity
    - AEPServices
  - AEPCore (3.0.0-beta.2):
    - AEPRulesEngine
    - AEPServices
  - AEPIdentity (3.0.0-beta.2):
    - AEPCore
  - AEPLifecycle (3.0.0-beta.2):
    - AEPCore
  - AEPRulesEngine (1.0.0-beta.1)
  - AEPServices (3.0.0-beta.2)
  - AEPSignal (3.0.0-beta.2):
    - AEPCore
  - AEPUserProfile (3.0.0-beta.1):
    - AEPCore
    - AEPServices
  - AppsFlyerAdobeExtension (5.4.1):
    - ACPCore
    - AppsFlyerFramework (~> 5.4.1)
  - AppsFlyerFramework (5.4.4)
  - Protobuf (3.14.0)

DEPENDENCIES:
  - ACPAnalytics (from `../../`)
  - ACPAudience (from `../../`)
  - ACPCore (from `../../`)
  - ACPUserProfile (from `../../`)
  - AdformAdobeExtension
  - "AEPAnalytics (from `git@github.com:adobe/aepsdk-analytics-ios.git`, branch `main`)"
  - AEPAssurance
  - "AEPAudience (from `git@github.com:adobe/aepsdk-audience-ios.git`, branch `main`)"
  - "AEPCore (from `git@github.com:adobe/aepsdk-core-ios.git`, branch `main`)"
  - "AEPIdentity (from `git@github.com:adobe/aepsdk-core-ios.git`, branch `main`)"
  - "AEPLifecycle (from `git@github.com:adobe/aepsdk-core-ios.git`, branch `main`)"
  - "AEPRulesEngine (from `git@github.com:adobe/aepsdk-rulesengine-ios.git`, branch `1.0.0-beta.1`)"
  - "AEPServices (from `git@github.com:adobe/aepsdk-core-ios.git`, branch `main`)"
  - "AEPSignal (from `git@github.com:adobe/aepsdk-core-ios.git`, branch `main`)"
  - "AEPUserProfile (from `git@github.com:adobe/aepsdk-userprofile-ios.git`, branch `main`)"
  - AppsFlyerAdobeExtension (~> 5.4)

SPEC REPOS:
  trunk:
    - AdformAdobeExtension
    - AdformTracking
    - AEPAssurance
    - AppsFlyerAdobeExtension
    - AppsFlyerFramework
    - Protobuf

EXTERNAL SOURCES:
  ACPAnalytics:
    :path: "../../"
  ACPAudience:
    :path: "../../"
  ACPCore:
    :path: "../../"
  ACPUserProfile:
    :path: "../../"
  AEPAnalytics:
    :branch: main
    :git: "git@github.com:adobe/aepsdk-analytics-ios.git"
  AEPAudience:
    :branch: main
    :git: "git@github.com:adobe/aepsdk-audience-ios.git"
  AEPCore:
    :branch: main
    :git: "git@github.com:adobe/aepsdk-core-ios.git"
  AEPIdentity:
    :branch: main
    :git: "git@github.com:adobe/aepsdk-core-ios.git"
  AEPLifecycle:
    :branch: main
    :git: "git@github.com:adobe/aepsdk-core-ios.git"
  AEPRulesEngine:
    :branch: 1.0.0-beta.1
    :git: "git@github.com:adobe/aepsdk-rulesengine-ios.git"
  AEPServices:
    :branch: main
    :git: "git@github.com:adobe/aepsdk-core-ios.git"
  AEPSignal:
    :branch: main
    :git: "git@github.com:adobe/aepsdk-core-ios.git"
  AEPUserProfile:
    :branch: main
    :git: "git@github.com:adobe/aepsdk-userprofile-ios.git"

CHECKOUT OPTIONS:
  AEPAnalytics:
    :commit: ebf95da78369bdea43c38757d029fef4ddbaee68
    :git: "git@github.com:adobe/aepsdk-analytics-ios.git"
  AEPAudience:
    :commit: a986cc707e5f649f20f01ae478523cf31c9fac4c
    :git: "git@github.com:adobe/aepsdk-audience-ios.git"
  AEPCore:
    :commit: 428da71ca81f50340f70c562d412c3d7a155fba3
    :git: "git@github.com:adobe/aepsdk-core-ios.git"
  AEPIdentity:
    :commit: 428da71ca81f50340f70c562d412c3d7a155fba3
    :git: "git@github.com:adobe/aepsdk-core-ios.git"
  AEPLifecycle:
    :commit: 428da71ca81f50340f70c562d412c3d7a155fba3
    :git: "git@github.com:adobe/aepsdk-core-ios.git"
  AEPRulesEngine:
    :commit: b2e0247bf57975209997dd9a26fd576b7c420394
    :git: "git@github.com:adobe/aepsdk-rulesengine-ios.git"
  AEPServices:
    :commit: 428da71ca81f50340f70c562d412c3d7a155fba3
    :git: "git@github.com:adobe/aepsdk-core-ios.git"
  AEPSignal:
    :commit: 428da71ca81f50340f70c562d412c3d7a155fba3
    :git: "git@github.com:adobe/aepsdk-core-ios.git"
  AEPUserProfile:
    :commit: dddd83cf99e50a1aff4c1715094e04322ed6734f
    :git: "git@github.com:adobe/aepsdk-userprofile-ios.git"

SPEC CHECKSUMS:
  ACPAnalytics: 53c9d8891c1291a127c539cbe879dee46e40cf82
  ACPAudience: ebc37545a41fac50d1f291b62645e57b14904527
  ACPCore: 67e4b855bf16cfb6a63024a4ddb73d15c0fd30e5
  ACPUserProfile: a45d0bddff3b2644350fa6ad00f1220dfc987f2c
  AdformAdobeExtension: b123105956913d2789b98a05418ee2ff120b9ae6
  AdformTracking: 8bfde03b85e745a35bd66983384cf82f5a05d2f2
  AEPAnalytics: c9ae426e618094ee807ffe5bfd5b78342eed512a
  AEPAssurance: c9c21b7e57bf993db210766631db2ef3732d4fa4
  AEPAudience: 3938058d79961cdbad5cdad6a813cd0ecf0b80e9
  AEPCore: 3c5374555adceead3e14503ced175e928969b989
  AEPIdentity: 04558a7692af328c7d30d2fa61e17183f4131117
  AEPLifecycle: 6c29286c403467dce7909292c25732196eafab1d
  AEPRulesEngine: 3860846bc56a1b1e3e69194016e168358b4b8efd
  AEPServices: a97f23f7dd26d9fc5ce0724fe2b2ad95ecd9189a
  AEPSignal: 1f85821d9d68b1bbed56059bf4ed7a260a9e64bc
  AEPUserProfile: 041364645c36e29119eb6dc680e12fddb562c2c8
  AppsFlyerAdobeExtension: 804317126d74cb753ff6c7e8088235908d0cd503
  AppsFlyerFramework: a511099f7bedbb1d5804d733c6152d6f8092c4fa
  Protobuf: 0cde852566359049847168e51bd1c690e0f70056

PODFILE CHECKSUM: a4c395ca0df40fad972322c9e94a9695525d1ae4

COCOAPODS: 1.10.0
