PODS:
  - ACPAnalytics (2.9.9):
    - ACPCore
    - AEPAnalytics
    - AEPCore
    - AEPIdentity
    - AEPServices
  - ACPAudience (2.9.9):
    - ACPCore
    - AEPAudience
    - AEPCore
    - AEPIdentity
    - AEPServices
  - ACPCore (2.9.9):
    - AEPCore
    - AEPIdentity
    - AEPLifecycle
    - AEPRulesEngine
    - AEPServices
    - AEPSignal
  - ACPMedia (2.9.9):
    - ACPCore
    - AEPCore
    - AEPIdentity
    - AEPMedia
    - AEPServices
  - ACPUserProfile (2.9.9):
    - ACPCore
    - AEPCore
    - AEPIdentity
    - AEPLifecycle
    - AEPRulesEngine
    - AEPServices
    - AEPSignal
    - AEPUserProfile
  - AEPAnalytics (3.0.0):
    - AEPCore
    - AEPServices
  - AEPAudience (3.0.0):
    - AEPCore
    - AEPIdentity
    - AEPServices
  - AEPCore (3.0.0):
    - AEPRulesEngine (= 1.0.0)
    - AEPServices (= 3.0.0)
  - AEPIdentity (3.0.0):
    - AEPCore (= 3.0.0)
  - AEPLifecycle (3.0.0):
    - AEPCore (= 3.0.0)
  - AEPMedia (0.0.1):
    - AEPCore
    - AEPIdentity
    - AEPServices
  - AEPRulesEngine (1.0.0)
  - AEPServices (3.0.0)
  - AEPSignal (3.0.0):
    - AEPCore (= 3.0.0)
  - AEPUserProfile (3.0.0):
    - AEPCore

DEPENDENCIES:
  - ACPAnalytics (from `../../`)
  - ACPAudience (from `../../`)
  - ACPCore (from `../../`)
  - ACPMedia (from `../../`)
  - ACPUserProfile (from `../../`)
  - "AEPAnalytics (from `git@github.com:adobe/aepsdk-analytics-ios.git`, branch `main`)"
  - "AEPAudience (from `git@github.com:adobe/aepsdk-audience-ios.git`, branch `main`)"
  - "AEPCore (from `git@github.com:adobe/aepsdk-core-ios.git`, branch `main`)"
  - "AEPIdentity (from `git@github.com:adobe/aepsdk-core-ios.git`, branch `main`)"
  - "AEPLifecycle (from `git@github.com:adobe/aepsdk-core-ios.git`, branch `main`)"
  - "AEPMedia (from `git@github.com:adobe/aepsdk-media-ios.git`, branch `dev`)"
  - "AEPRulesEngine (from `git@github.com:adobe/aepsdk-rulesengine-ios.git`, branch `main`)"
  - "AEPServices (from `git@github.com:adobe/aepsdk-core-ios.git`, branch `main`)"
  - "AEPSignal (from `git@github.com:adobe/aepsdk-core-ios.git`, branch `main`)"
  - "AEPUserProfile (from `git@github.com:adobe/aepsdk-userprofile-ios.git`, branch `main`)"

EXTERNAL SOURCES:
  ACPAnalytics:
    :path: "../../"
  ACPAudience:
    :path: "../../"
  ACPCore:
    :path: "../../"
  ACPMedia:
    :path: "../../"
  ACPUserProfile:
    :path: "../../"
  AEPAnalytics:
    :branch: main
    :git: "git@github.com:adobe/aepsdk-analytics-ios.git"
  AEPAudience:
    :branch: main
    :git: "git@github.com:adobe/aepsdk-audience-ios.git"
  AEPCore:
    :branch: main
    :git: "git@github.com:adobe/aepsdk-core-ios.git"
  AEPIdentity:
    :branch: main
    :git: "git@github.com:adobe/aepsdk-core-ios.git"
  AEPLifecycle:
    :branch: main
    :git: "git@github.com:adobe/aepsdk-core-ios.git"
  AEPMedia:
    :branch: dev
    :git: "git@github.com:adobe/aepsdk-media-ios.git"
  AEPRulesEngine:
    :branch: main
    :git: "git@github.com:adobe/aepsdk-rulesengine-ios.git"
  AEPServices:
    :branch: main
    :git: "git@github.com:adobe/aepsdk-core-ios.git"
  AEPSignal:
    :branch: main
    :git: "git@github.com:adobe/aepsdk-core-ios.git"
  AEPUserProfile:
    :branch: main
    :git: "git@github.com:adobe/aepsdk-userprofile-ios.git"

CHECKOUT OPTIONS:
  AEPAnalytics:
    :commit: ec25108e075c6f0b24b64f0dcfe0c808fc501c9e
    :git: "git@github.com:adobe/aepsdk-analytics-ios.git"
  AEPAudience:
    :commit: b9c6af70c801c5375b358c752c53c296d8d8fffd
    :git: "git@github.com:adobe/aepsdk-audience-ios.git"
  AEPCore:
    :commit: 9fe655414c1e88d4252e9be25cf4f8d1dc539bee
    :git: "git@github.com:adobe/aepsdk-core-ios.git"
  AEPIdentity:
    :commit: 9fe655414c1e88d4252e9be25cf4f8d1dc539bee
    :git: "git@github.com:adobe/aepsdk-core-ios.git"
  AEPLifecycle:
    :commit: 9fe655414c1e88d4252e9be25cf4f8d1dc539bee
    :git: "git@github.com:adobe/aepsdk-core-ios.git"
  AEPMedia:
    :commit: f0d9c4679064489c6bcbf28ac21d525e74574149
    :git: "git@github.com:adobe/aepsdk-media-ios.git"
  AEPRulesEngine:
    :commit: 1e270654b330b9f07a6b1ec374e686f2e631e039
    :git: "git@github.com:adobe/aepsdk-rulesengine-ios.git"
  AEPServices:
    :commit: 9fe655414c1e88d4252e9be25cf4f8d1dc539bee
    :git: "git@github.com:adobe/aepsdk-core-ios.git"
  AEPSignal:
    :commit: 9fe655414c1e88d4252e9be25cf4f8d1dc539bee
    :git: "git@github.com:adobe/aepsdk-core-ios.git"
  AEPUserProfile:
    :commit: 77d7cfaeb994f22b30a2888e3672476763aa0a6c
    :git: "git@github.com:adobe/aepsdk-userprofile-ios.git"

SPEC CHECKSUMS:
  ACPAnalytics: 53c9d8891c1291a127c539cbe879dee46e40cf82
  ACPAudience: ebc37545a41fac50d1f291b62645e57b14904527
  ACPCore: 67e4b855bf16cfb6a63024a4ddb73d15c0fd30e5
  ACPMedia: 8d25b98e5ae23f36d0d20e717dc092cfad2c6da1
  ACPUserProfile: a45d0bddff3b2644350fa6ad00f1220dfc987f2c
  AEPAnalytics: a36c1483c5f47340374f791d2f3a329f64d37318
  AEPAudience: 22e6eceb857844c4edf6b8ccdbfd38ea09d1f0e5
  AEPCore: 9ced1f1fddcbfd61517461e548e36aee740bf7c8
  AEPIdentity: 79c57508bbabc8c2cf7f90e2baed15b03f4e97e6
  AEPLifecycle: ed9b2fca314eb91da83766986bad8cb914555499
  AEPMedia: a76d59f7f81262ad6a0edd964df570295722e789
  AEPRulesEngine: 8bbc694fce6900cd33b2496c7d4b33ee2eeffc46
  AEPServices: 21ea64149483fdfbd5f88f546b9f5ad7d4987400
  AEPSignal: b4ac5c8e8c68e8902739426d70c01ed3ce229ac9
  AEPUserProfile: d8702b2e3fc321febdc3854208db9bb1ad3b61c8

PODFILE CHECKSUM: bed8bc9d9a906cb22d0cf6f57a659d86dc8bfbd4

COCOAPODS: 1.10.0
