// !$*UTF8*$!
{
	archiveVersion = 1;
	classes = {
	};
	objectVersion = 51;
	objects = {

/* Begin PBXBuildFile section */
		21558BEB24DCD361004B3921 /* AppDelegate.m in Sources */ = {isa = PBXBuildFile; fileRef = 21558BEA24DCD361004B3921 /* AppDelegate.m */; };
		21558BEE24DCD361004B3921 /* SceneDelegate.m in Sources */ = {isa = PBXBuildFile; fileRef = 21558BED24DCD361004B3921 /* SceneDelegate.m */; };
		21558BF124DCD361004B3921 /* ViewController.m in Sources */ = {isa = PBXBuildFile; fileRef = 21558BF024DCD361004B3921 /* ViewController.m */; };
		21558BF424DCD361004B3921 /* Main.storyboard in Resources */ = {isa = PBXBuildFile; fileRef = 21558BF224DCD361004B3921 /* Main.storyboard */; };
		21558BF624DCD367004B3921 /* Assets.xcassets in Resources */ = {isa = PBXBuildFile; fileRef = 21558BF524DCD367004B3921 /* Assets.xcassets */; };
		21558BF924DCD367004B3921 /* LaunchScreen.storyboard in Resources */ = {isa = PBXBuildFile; fileRef = 21558BF724DCD367004B3921 /* LaunchScreen.storyboard */; };
		21558BFC24DCD367004B3921 /* main.m in Sources */ = {isa = PBXBuildFile; fileRef = 21558BFB24DCD367004B3921 /* main.m */; };
		21558C2E24DDD060004B3921 /* SkeletonExtensionPublicApi.m in Sources */ = {isa = PBXBuildFile; fileRef = 21558C2324DDD060004B3921 /* SkeletonExtensionPublicApi.m */; };
		21558C2F24DDD060004B3921 /* SkeletonExtension.m in Sources */ = {isa = PBXBuildFile; fileRef = 21558C2424DDD060004B3921 /* SkeletonExtension.m */; };
		21558C3024DDD060004B3921 /* SkeletonExtensionConstants.m in Sources */ = {isa = PBXBuildFile; fileRef = 21558C2724DDD060004B3921 /* SkeletonExtensionConstants.m */; };
		21558C3124DDD060004B3921 /* Queue.m in Sources */ = {isa = PBXBuildFile; fileRef = 21558C2924DDD060004B3921 /* Queue.m */; };
		21558C3224DDD060004B3921 /* SkeletonExtensionListener.m in Sources */ = {isa = PBXBuildFile; fileRef = 21558C2D24DDD060004B3921 /* SkeletonExtensionListener.m */; };
		B2FE48F1DC2851549733C97D /* Pods_ObjCTestApp.framework in Frameworks */ = {isa = PBXBuildFile; fileRef = 96BD6A2E3C5FD0BA14AC1348 /* Pods_ObjCTestApp.framework */; };
/* End PBXBuildFile section */

/* Begin PBXFileReference section */
		21558BE624DCD361004B3921 /* ObjCTestApp.app */ = {isa = PBXFileReference; explicitFileType = wrapper.application; includeInIndex = 0; path = ObjCTestApp.app; sourceTree = BUILT_PRODUCTS_DIR; };
		21558BE924DCD361004B3921 /* AppDelegate.h */ = {isa = PBXFileReference; lastKnownFileType = sourcecode.c.h; path = AppDelegate.h; sourceTree = "<group>"; };
		21558BEA24DCD361004B3921 /* AppDelegate.m */ = {isa = PBXFileReference; lastKnownFileType = sourcecode.c.objc; path = AppDelegate.m; sourceTree = "<group>"; };
		21558BEC24DCD361004B3921 /* SceneDelegate.h */ = {isa = PBXFileReference; lastKnownFileType = sourcecode.c.h; path = SceneDelegate.h; sourceTree = "<group>"; };
		21558BED24DCD361004B3921 /* SceneDelegate.m */ = {isa = PBXFileReference; lastKnownFileType = sourcecode.c.objc; path = SceneDelegate.m; sourceTree = "<group>"; };
		21558BEF24DCD361004B3921 /* ViewController.h */ = {isa = PBXFileReference; lastKnownFileType = sourcecode.c.h; path = ViewController.h; sourceTree = "<group>"; };
		21558BF024DCD361004B3921 /* ViewController.m */ = {isa = PBXFileReference; lastKnownFileType = sourcecode.c.objc; path = ViewController.m; sourceTree = "<group>"; };
		21558BF324DCD361004B3921 /* Base */ = {isa = PBXFileReference; lastKnownFileType = file.storyboard; name = Base; path = Base.lproj/Main.storyboard; sourceTree = "<group>"; };
		21558BF524DCD367004B3921 /* Assets.xcassets */ = {isa = PBXFileReference; lastKnownFileType = folder.assetcatalog; path = Assets.xcassets; sourceTree = "<group>"; };
		21558BF824DCD367004B3921 /* Base */ = {isa = PBXFileReference; lastKnownFileType = file.storyboard; name = Base; path = Base.lproj/LaunchScreen.storyboard; sourceTree = "<group>"; };
		21558BFA24DCD367004B3921 /* Info.plist */ = {isa = PBXFileReference; lastKnownFileType = text.plist.xml; path = Info.plist; sourceTree = "<group>"; };
		21558BFB24DCD367004B3921 /* main.m */ = {isa = PBXFileReference; lastKnownFileType = sourcecode.c.objc; path = main.m; sourceTree = "<group>"; };
		21558C2324DDD060004B3921 /* SkeletonExtensionPublicApi.m */ = {isa = PBXFileReference; fileEncoding = 4; lastKnownFileType = sourcecode.c.objc; path = SkeletonExtensionPublicApi.m; sourceTree = "<group>"; };
		21558C2424DDD060004B3921 /* SkeletonExtension.m */ = {isa = PBXFileReference; fileEncoding = 4; lastKnownFileType = sourcecode.c.objc; path = SkeletonExtension.m; sourceTree = "<group>"; };
		21558C2624DDD060004B3921 /* SkeletonExtensionPublicApi.h */ = {isa = PBXFileReference; fileEncoding = 4; lastKnownFileType = sourcecode.c.h; path = SkeletonExtensionPublicApi.h; sourceTree = "<group>"; };
		21558C2724DDD060004B3921 /* SkeletonExtensionConstants.m */ = {isa = PBXFileReference; fileEncoding = 4; lastKnownFileType = sourcecode.c.objc; path = SkeletonExtensionConstants.m; sourceTree = "<group>"; };
		21558C2824DDD060004B3921 /* SkeletonExtensionListener.h */ = {isa = PBXFileReference; fileEncoding = 4; lastKnownFileType = sourcecode.c.h; path = SkeletonExtensionListener.h; sourceTree = "<group>"; };
		21558C2924DDD060004B3921 /* Queue.m */ = {isa = PBXFileReference; fileEncoding = 4; lastKnownFileType = sourcecode.c.objc; path = Queue.m; sourceTree = "<group>"; };
		21558C2A24DDD060004B3921 /* SkeletonExtension.h */ = {isa = PBXFileReference; fileEncoding = 4; lastKnownFileType = sourcecode.c.h; path = SkeletonExtension.h; sourceTree = "<group>"; };
		21558C2B24DDD060004B3921 /* SkeletonExtensionConstants.h */ = {isa = PBXFileReference; fileEncoding = 4; lastKnownFileType = sourcecode.c.h; path = SkeletonExtensionConstants.h; sourceTree = "<group>"; };
		21558C2C24DDD060004B3921 /* Queue.h */ = {isa = PBXFileReference; fileEncoding = 4; lastKnownFileType = sourcecode.c.h; path = Queue.h; sourceTree = "<group>"; };
		21558C2D24DDD060004B3921 /* SkeletonExtensionListener.m */ = {isa = PBXFileReference; fileEncoding = 4; lastKnownFileType = sourcecode.c.objc; path = SkeletonExtensionListener.m; sourceTree = "<group>"; };
		4CB8A7E667BC7DBAF3FED48D /* Pods-ObjCTestApp.release.xcconfig */ = {isa = PBXFileReference; includeInIndex = 1; lastKnownFileType = text.xcconfig; name = "Pods-ObjCTestApp.release.xcconfig"; path = "Target Support Files/Pods-ObjCTestApp/Pods-ObjCTestApp.release.xcconfig"; sourceTree = "<group>"; };
		4D143C6332EDD4784D1D82A6 /* Pods-ObjCTestApp.debug.xcconfig */ = {isa = PBXFileReference; includeInIndex = 1; lastKnownFileType = text.xcconfig; name = "Pods-ObjCTestApp.debug.xcconfig"; path = "Target Support Files/Pods-ObjCTestApp/Pods-ObjCTestApp.debug.xcconfig"; sourceTree = "<group>"; };
		96BD6A2E3C5FD0BA14AC1348 /* Pods_ObjCTestApp.framework */ = {isa = PBXFileReference; explicitFileType = wrapper.framework; includeInIndex = 0; path = Pods_ObjCTestApp.framework; sourceTree = BUILT_PRODUCTS_DIR; };
/* End PBXFileReference section */

/* Begin PBXFrameworksBuildPhase section */
		21558BE324DCD361004B3921 /* Frameworks */ = {
			isa = PBXFrameworksBuildPhase;
			buildActionMask = 2147483647;
			files = (
				B2FE48F1DC2851549733C97D /* Pods_ObjCTestApp.framework in Frameworks */,
			);
			runOnlyForDeploymentPostprocessing = 0;
		};
/* End PBXFrameworksBuildPhase section */

/* Begin PBXGroup section */
		21558BDD24DCD361004B3921 = {
			isa = PBXGroup;
			children = (
				21558BE824DCD361004B3921 /* ObjCTestApp */,
				21558BE724DCD361004B3921 /* Products */,
				6F1C7FF673236289647EB535 /* Pods */,
				FE4200550C1D443FCFAE0AEA /* Frameworks */,
			);
			sourceTree = "<group>";
		};
		21558BE724DCD361004B3921 /* Products */ = {
			isa = PBXGroup;
			children = (
				21558BE624DCD361004B3921 /* ObjCTestApp.app */,
			);
			name = Products;
			sourceTree = "<group>";
		};
		21558BE824DCD361004B3921 /* ObjCTestApp */ = {
			isa = PBXGroup;
			children = (
				21558C2224DDD060004B3921 /* ACPSkeletonExtension */,
				21558BE924DCD361004B3921 /* AppDelegate.h */,
				21558BEA24DCD361004B3921 /* AppDelegate.m */,
				21558BEC24DCD361004B3921 /* SceneDelegate.h */,
				21558BED24DCD361004B3921 /* SceneDelegate.m */,
				21558BEF24DCD361004B3921 /* ViewController.h */,
				21558BF024DCD361004B3921 /* ViewController.m */,
				21558BF224DCD361004B3921 /* Main.storyboard */,
				21558BF524DCD367004B3921 /* Assets.xcassets */,
				21558BF724DCD367004B3921 /* LaunchScreen.storyboard */,
				21558BFA24DCD367004B3921 /* Info.plist */,
				21558BFB24DCD367004B3921 /* main.m */,
			);
			path = ObjCTestApp;
			sourceTree = "<group>";
		};
		21558C2224DDD060004B3921 /* ACPSkeletonExtension */ = {
			isa = PBXGroup;
			children = (
				21558C2324DDD060004B3921 /* SkeletonExtensionPublicApi.m */,
				21558C2424DDD060004B3921 /* SkeletonExtension.m */,
				21558C2524DDD060004B3921 /* include */,
				21558C2724DDD060004B3921 /* SkeletonExtensionConstants.m */,
				21558C2824DDD060004B3921 /* SkeletonExtensionListener.h */,
				21558C2924DDD060004B3921 /* Queue.m */,
				21558C2A24DDD060004B3921 /* SkeletonExtension.h */,
				21558C2B24DDD060004B3921 /* SkeletonExtensionConstants.h */,
				21558C2C24DDD060004B3921 /* Queue.h */,
				21558C2D24DDD060004B3921 /* SkeletonExtensionListener.m */,
			);
			path = ACPSkeletonExtension;
			sourceTree = "<group>";
		};
		21558C2524DDD060004B3921 /* include */ = {
			isa = PBXGroup;
			children = (
				21558C2624DDD060004B3921 /* SkeletonExtensionPublicApi.h */,
			);
			path = include;
			sourceTree = "<group>";
		};
		6F1C7FF673236289647EB535 /* Pods */ = {
			isa = PBXGroup;
			children = (
				4D143C6332EDD4784D1D82A6 /* Pods-ObjCTestApp.debug.xcconfig */,
				4CB8A7E667BC7DBAF3FED48D /* Pods-ObjCTestApp.release.xcconfig */,
			);
			path = Pods;
			sourceTree = "<group>";
		};
		FE4200550C1D443FCFAE0AEA /* Frameworks */ = {
			isa = PBXGroup;
			children = (
				96BD6A2E3C5FD0BA14AC1348 /* Pods_ObjCTestApp.framework */,
			);
			name = Frameworks;
			sourceTree = "<group>";
		};
/* End PBXGroup section */

/* Begin PBXNativeTarget section */
		21558BE524DCD361004B3921 /* ObjCTestApp */ = {
			isa = PBXNativeTarget;
			buildConfigurationList = 21558BFF24DCD367004B3921 /* Build configuration list for PBXNativeTarget "ObjCTestApp" */;
			buildPhases = (
				B8EA263AFBA69D8E1243193B /* [CP] Check Pods Manifest.lock */,
				21558BE224DCD361004B3921 /* Sources */,
				21558BE324DCD361004B3921 /* Frameworks */,
				21558BE424DCD361004B3921 /* Resources */,
				1E49483DB13ED99E8D9E515B /* [CP] Embed Pods Frameworks */,
			);
			buildRules = (
			);
			dependencies = (
			);
			name = ObjCTestApp;
			productName = ObjCTestApp;
			productReference = 21558BE624DCD361004B3921 /* ObjCTestApp.app */;
			productType = "com.apple.product-type.application";
		};
/* End PBXNativeTarget section */

/* Begin PBXProject section */
		21558BDE24DCD361004B3921 /* Project object */ = {
			isa = PBXProject;
			attributes = {
				LastUpgradeCheck = 1160;
				ORGANIZATIONNAME = Adobe;
				TargetAttributes = {
					21558BE524DCD361004B3921 = {
						CreatedOnToolsVersion = 11.6;
					};
				};
			};
			buildConfigurationList = 21558BE124DCD361004B3921 /* Build configuration list for PBXProject "ObjCTestApp" */;
			compatibilityVersion = "Xcode 9.3";
			developmentRegion = en;
			hasScannedForEncodings = 0;
			knownRegions = (
				en,
				Base,
			);
			mainGroup = 21558BDD24DCD361004B3921;
			productRefGroup = 21558BE724DCD361004B3921 /* Products */;
			projectDirPath = "";
			projectRoot = "";
			targets = (
				21558BE524DCD361004B3921 /* ObjCTestApp */,
			);
		};
/* End PBXProject section */

/* Begin PBXResourcesBuildPhase section */
		21558BE424DCD361004B3921 /* Resources */ = {
			isa = PBXResourcesBuildPhase;
			buildActionMask = 2147483647;
			files = (
				21558BF924DCD367004B3921 /* LaunchScreen.storyboard in Resources */,
				21558BF624DCD367004B3921 /* Assets.xcassets in Resources */,
				21558BF424DCD361004B3921 /* Main.storyboard in Resources */,
			);
			runOnlyForDeploymentPostprocessing = 0;
		};
/* End PBXResourcesBuildPhase section */

/* Begin PBXShellScriptBuildPhase section */
		1E49483DB13ED99E8D9E515B /* [CP] Embed Pods Frameworks */ = {
			isa = PBXShellScriptBuildPhase;
			buildActionMask = 2147483647;
			files = (
			);
			inputFileListPaths = (
				"${PODS_ROOT}/Target Support Files/Pods-ObjCTestApp/Pods-ObjCTestApp-frameworks-${CONFIGURATION}-input-files.xcfilelist",
			);
			name = "[CP] Embed Pods Frameworks";
			outputFileListPaths = (
				"${PODS_ROOT}/Target Support Files/Pods-ObjCTestApp/Pods-ObjCTestApp-frameworks-${CONFIGURATION}-output-files.xcfilelist",
			);
			runOnlyForDeploymentPostprocessing = 0;
			shellPath = /bin/sh;
			shellScript = "\"${PODS_ROOT}/Target Support Files/Pods-ObjCTestApp/Pods-ObjCTestApp-frameworks.sh\"\n";
			showEnvVarsInLog = 0;
		};
		B8EA263AFBA69D8E1243193B /* [CP] Check Pods Manifest.lock */ = {
			isa = PBXShellScriptBuildPhase;
			buildActionMask = 2147483647;
			files = (
			);
			inputFileListPaths = (
			);
			inputPaths = (
				"${PODS_PODFILE_DIR_PATH}/Podfile.lock",
				"${PODS_ROOT}/Manifest.lock",
			);
			name = "[CP] Check Pods Manifest.lock";
			outputFileListPaths = (
			);
			outputPaths = (
				"$(DERIVED_FILE_DIR)/Pods-ObjCTestApp-checkManifestLockResult.txt",
			);
			runOnlyForDeploymentPostprocessing = 0;
			shellPath = /bin/sh;
			shellScript = "diff \"${PODS_PODFILE_DIR_PATH}/Podfile.lock\" \"${PODS_ROOT}/Manifest.lock\" > /dev/null\nif [ $? != 0 ] ; then\n    # print error to STDERR\n    echo \"error: The sandbox is not in sync with the Podfile.lock. Run 'pod install' or update your CocoaPods installation.\" >&2\n    exit 1\nfi\n# This output is used by Xcode 'outputs' to avoid re-running this script phase.\necho \"SUCCESS\" > \"${SCRIPT_OUTPUT_FILE_0}\"\n";
			showEnvVarsInLog = 0;
		};
/* End PBXShellScriptBuildPhase section */

/* Begin PBXSourcesBuildPhase section */
		21558BE224DCD361004B3921 /* Sources */ = {
			isa = PBXSourcesBuildPhase;
			buildActionMask = 2147483647;
			files = (
				21558C3024DDD060004B3921 /* SkeletonExtensionConstants.m in Sources */,
				21558BF124DCD361004B3921 /* ViewController.m in Sources */,
				21558BEB24DCD361004B3921 /* AppDelegate.m in Sources */,
				21558C2F24DDD060004B3921 /* SkeletonExtension.m in Sources */,
				21558BFC24DCD367004B3921 /* main.m in Sources */,
				21558C2E24DDD060004B3921 /* SkeletonExtensionPublicApi.m in Sources */,
				21558BEE24DCD361004B3921 /* SceneDelegate.m in Sources */,
				21558C3124DDD060004B3921 /* Queue.m in Sources */,
				21558C3224DDD060004B3921 /* SkeletonExtensionListener.m in Sources */,
			);
			runOnlyForDeploymentPostprocessing = 0;
		};
/* End PBXSourcesBuildPhase section */

/* Begin PBXVariantGroup section */
		21558BF224DCD361004B3921 /* Main.storyboard */ = {
			isa = PBXVariantGroup;
			children = (
				21558BF324DCD361004B3921 /* Base */,
			);
			name = Main.storyboard;
			sourceTree = "<group>";
		};
		21558BF724DCD367004B3921 /* LaunchScreen.storyboard */ = {
			isa = PBXVariantGroup;
			children = (
				21558BF824DCD367004B3921 /* Base */,
			);
			name = LaunchScreen.storyboard;
			sourceTree = "<group>";
		};
/* End PBXVariantGroup section */

/* Begin XCBuildConfiguration section */
		21558BFD24DCD367004B3921 /* Debug */ = {
			isa = XCBuildConfiguration;
			buildSettings = {
				ALWAYS_SEARCH_USER_PATHS = NO;
				CLANG_ANALYZER_NONNULL = YES;
				CLANG_ANALYZER_NUMBER_OBJECT_CONVERSION = YES_AGGRESSIVE;
				CLANG_CXX_LANGUAGE_STANDARD = "gnu++14";
				CLANG_CXX_LIBRARY = "libc++";
				CLANG_ENABLE_MODULES = YES;
				CLANG_ENABLE_OBJC_ARC = YES;
				CLANG_ENABLE_OBJC_WEAK = YES;
				CLANG_WARN_BLOCK_CAPTURE_AUTORELEASING = YES;
				CLANG_WARN_BOOL_CONVERSION = YES;
				CLANG_WARN_COMMA = YES;
				CLANG_WARN_CONSTANT_CONVERSION = YES;
				CLANG_WARN_DEPRECATED_OBJC_IMPLEMENTATIONS = YES;
				CLANG_WARN_DIRECT_OBJC_ISA_USAGE = YES_ERROR;
				CLANG_WARN_DOCUMENTATION_COMMENTS = YES;
				CLANG_WARN_EMPTY_BODY = YES;
				CLANG_WARN_ENUM_CONVERSION = YES;
				CLANG_WARN_INFINITE_RECURSION = YES;
				CLANG_WARN_INT_CONVERSION = YES;
				CLANG_WARN_NON_LITERAL_NULL_CONVERSION = YES;
				CLANG_WARN_OBJC_IMPLICIT_RETAIN_SELF = YES;
				CLANG_WARN_OBJC_LITERAL_CONVERSION = YES;
				CLANG_WARN_OBJC_ROOT_CLASS = YES_ERROR;
				CLANG_WARN_RANGE_LOOP_ANALYSIS = YES;
				CLANG_WARN_STRICT_PROTOTYPES = YES;
				CLANG_WARN_SUSPICIOUS_MOVE = YES;
				CLANG_WARN_UNGUARDED_AVAILABILITY = YES_AGGRESSIVE;
				CLANG_WARN_UNREACHABLE_CODE = YES;
				CLANG_WARN__DUPLICATE_METHOD_MATCH = YES;
				COPY_PHASE_STRIP = NO;
				DEBUG_INFORMATION_FORMAT = dwarf;
				ENABLE_STRICT_OBJC_MSGSEND = YES;
				ENABLE_TESTABILITY = YES;
				GCC_C_LANGUAGE_STANDARD = gnu11;
				GCC_DYNAMIC_NO_PIC = NO;
				GCC_NO_COMMON_BLOCKS = YES;
				GCC_OPTIMIZATION_LEVEL = 0;
				GCC_PREPROCESSOR_DEFINITIONS = (
					"DEBUG=1",
					"$(inherited)",
				);
				GCC_WARN_64_TO_32_BIT_CONVERSION = YES;
				GCC_WARN_ABOUT_RETURN_TYPE = YES_ERROR;
				GCC_WARN_UNDECLARED_SELECTOR = YES;
				GCC_WARN_UNINITIALIZED_AUTOS = YES_AGGRESSIVE;
				GCC_WARN_UNUSED_FUNCTION = YES;
				GCC_WARN_UNUSED_VARIABLE = YES;
				IPHONEOS_DEPLOYMENT_TARGET = 13.6;
				MTL_ENABLE_DEBUG_INFO = INCLUDE_SOURCE;
				MTL_FAST_MATH = YES;
				ONLY_ACTIVE_ARCH = YES;
				SDKROOT = iphoneos;
			};
			name = Debug;
		};
		21558BFE24DCD367004B3921 /* Release */ = {
			isa = XCBuildConfiguration;
			buildSettings = {
				ALWAYS_SEARCH_USER_PATHS = NO;
				CLANG_ANALYZER_NONNULL = YES;
				CLANG_ANALYZER_NUMBER_OBJECT_CONVERSION = YES_AGGRESSIVE;
				CLANG_CXX_LANGUAGE_STANDARD = "gnu++14";
				CLANG_CXX_LIBRARY = "libc++";
				CLANG_ENABLE_MODULES = YES;
				CLANG_ENABLE_OBJC_ARC = YES;
				CLANG_ENABLE_OBJC_WEAK = YES;
				CLANG_WARN_BLOCK_CAPTURE_AUTORELEASING = YES;
				CLANG_WARN_BOOL_CONVERSION = YES;
				CLANG_WARN_COMMA = YES;
				CLANG_WARN_CONSTANT_CONVERSION = YES;
				CLANG_WARN_DEPRECATED_OBJC_IMPLEMENTATIONS = YES;
				CLANG_WARN_DIRECT_OBJC_ISA_USAGE = YES_ERROR;
				CLANG_WARN_DOCUMENTATION_COMMENTS = YES;
				CLANG_WARN_EMPTY_BODY = YES;
				CLANG_WARN_ENUM_CONVERSION = YES;
				CLANG_WARN_INFINITE_RECURSION = YES;
				CLANG_WARN_INT_CONVERSION = YES;
				CLANG_WARN_NON_LITERAL_NULL_CONVERSION = YES;
				CLANG_WARN_OBJC_IMPLICIT_RETAIN_SELF = YES;
				CLANG_WARN_OBJC_LITERAL_CONVERSION = YES;
				CLANG_WARN_OBJC_ROOT_CLASS = YES_ERROR;
				CLANG_WARN_RANGE_LOOP_ANALYSIS = YES;
				CLANG_WARN_STRICT_PROTOTYPES = YES;
				CLANG_WARN_SUSPICIOUS_MOVE = YES;
				CLANG_WARN_UNGUARDED_AVAILABILITY = YES_AGGRESSIVE;
				CLANG_WARN_UNREACHABLE_CODE = YES;
				CLANG_WARN__DUPLICATE_METHOD_MATCH = YES;
				COPY_PHASE_STRIP = NO;
				DEBUG_INFORMATION_FORMAT = "dwarf-with-dsym";
				ENABLE_NS_ASSERTIONS = NO;
				ENABLE_STRICT_OBJC_MSGSEND = YES;
				GCC_C_LANGUAGE_STANDARD = gnu11;
				GCC_NO_COMMON_BLOCKS = YES;
				GCC_WARN_64_TO_32_BIT_CONVERSION = YES;
				GCC_WARN_ABOUT_RETURN_TYPE = YES_ERROR;
				GCC_WARN_UNDECLARED_SELECTOR = YES;
				GCC_WARN_UNINITIALIZED_AUTOS = YES_AGGRESSIVE;
				GCC_WARN_UNUSED_FUNCTION = YES;
				GCC_WARN_UNUSED_VARIABLE = YES;
				IPHONEOS_DEPLOYMENT_TARGET = 13.6;
				MTL_ENABLE_DEBUG_INFO = NO;
				MTL_FAST_MATH = YES;
				SDKROOT = iphoneos;
				VALIDATE_PRODUCT = YES;
			};
			name = Release;
		};
		21558C0024DCD367004B3921 /* Debug */ = {
			isa = XCBuildConfiguration;
			baseConfigurationReference = 4D143C6332EDD4784D1D82A6 /* Pods-ObjCTestApp.debug.xcconfig */;
			buildSettings = {
				ASSETCATALOG_COMPILER_APPICON_NAME = AppIcon;
				CODE_SIGN_STYLE = Automatic;
				DEVELOPMENT_TEAM = GP6Z9HB7H4;
				INFOPLIST_FILE = ObjCTestApp/Info.plist;
				LD_RUNPATH_SEARCH_PATHS = (
					"$(inherited)",
					"@executable_path/Frameworks",
				);
				PRODUCT_BUNDLE_IDENTIFIER = Adobe.ObjCTestApp;
				PRODUCT_NAME = "$(TARGET_NAME)";
				TARGETED_DEVICE_FAMILY = "1,2";
			};
			name = Debug;
		};
		21558C0124DCD367004B3921 /* Release */ = {
			isa = XCBuildConfiguration;
			baseConfigurationReference = 4CB8A7E667BC7DBAF3FED48D /* Pods-ObjCTestApp.release.xcconfig */;
			buildSettings = {
				ASSETCATALOG_COMPILER_APPICON_NAME = AppIcon;
				CODE_SIGN_STYLE = Automatic;
				DEVELOPMENT_TEAM = GP6Z9HB7H4;
				INFOPLIST_FILE = ObjCTestApp/Info.plist;
				LD_RUNPATH_SEARCH_PATHS = (
					"$(inherited)",
					"@executable_path/Frameworks",
				);
				PRODUCT_BUNDLE_IDENTIFIER = Adobe.ObjCTestApp;
				PRODUCT_NAME = "$(TARGET_NAME)";
				TARGETED_DEVICE_FAMILY = "1,2";
			};
			name = Release;
		};
/* End XCBuildConfiguration section */

/* Begin XCConfigurationList section */
		21558BE124DCD361004B3921 /* Build configuration list for PBXProject "ObjCTestApp" */ = {
			isa = XCConfigurationList;
			buildConfigurations = (
				21558BFD24DCD367004B3921 /* Debug */,
				21558BFE24DCD367004B3921 /* Release */,
			);
			defaultConfigurationIsVisible = 0;
			defaultConfigurationName = Release;
		};
		21558BFF24DCD367004B3921 /* Build configuration list for PBXNativeTarget "ObjCTestApp" */ = {
			isa = XCConfigurationList;
			buildConfigurations = (
				21558C0024DCD367004B3921 /* Debug */,
				21558C0124DCD367004B3921 /* Release */,
			);
			defaultConfigurationIsVisible = 0;
			defaultConfigurationName = Release;
		};
/* End XCConfigurationList section */
	};
	rootObject = 21558BDE24DCD361004B3921 /* Project object */;
}
