// !$*UTF8*$!
{
	archiveVersion = 1;
	classes = {
	};
	objectVersion = 50;
	objects = {

/* Begin PBXBuildFile section */
		21558C0F24DCD3B3004B3921 /* AppDelegate.swift in Sources */ = {isa = PBXBuildFile; fileRef = 21558C0E24DCD3B3004B3921 /* AppDelegate.swift */; };
		21558C1124DCD3B3004B3921 /* SceneDelegate.swift in Sources */ = {isa = PBXBuildFile; fileRef = 21558C1024DCD3B3004B3921 /* SceneDelegate.swift */; };
		21558C1324DCD3B3004B3921 /* ViewController.swift in Sources */ = {isa = PBXBuildFile; fileRef = 21558C1224DCD3B3004B3921 /* ViewController.swift */; };
		21558C1624DCD3B4004B3921 /* Main.storyboard in Resources */ = {isa = PBXBuildFile; fileRef = 21558C1424DCD3B4004B3921 /* Main.storyboard */; };
		21558C1824DCD3B4004B3921 /* Assets.xcassets in Resources */ = {isa = PBXBuildFile; fileRef = 21558C1724DCD3B4004B3921 /* Assets.xcassets */; };
		21558C1B24DCD3B4004B3921 /* LaunchScreen.storyboard in Resources */ = {isa = PBXBuildFile; fileRef = 21558C1924DCD3B4004B3921 /* LaunchScreen.storyboard */; };
		96266C57636E0C1F168DA63C /* Pods_SwiftTestApp.framework in Frameworks */ = {isa = PBXBuildFile; fileRef = D11937541FA1BED613A69771 /* Pods_SwiftTestApp.framework */; };
/* End PBXBuildFile section */

/* Begin PBXFileReference section */
		20614967FD12B5EC53987C1E /* Pods-SwiftTestApp.release.xcconfig */ = {isa = PBXFileReference; includeInIndex = 1; lastKnownFileType = text.xcconfig; name = "Pods-SwiftTestApp.release.xcconfig"; path = "Target Support Files/Pods-SwiftTestApp/Pods-SwiftTestApp.release.xcconfig"; sourceTree = "<group>"; };
		21558C0B24DCD3B3004B3921 /* SwiftTestApp.app */ = {isa = PBXFileReference; explicitFileType = wrapper.application; includeInIndex = 0; path = SwiftTestApp.app; sourceTree = BUILT_PRODUCTS_DIR; };
		21558C0E24DCD3B3004B3921 /* AppDelegate.swift */ = {isa = PBXFileReference; lastKnownFileType = sourcecode.swift; path = AppDelegate.swift; sourceTree = "<group>"; };
		21558C1024DCD3B3004B3921 /* SceneDelegate.swift */ = {isa = PBXFileReference; lastKnownFileType = sourcecode.swift; path = SceneDelegate.swift; sourceTree = "<group>"; };
		21558C1224DCD3B3004B3921 /* ViewController.swift */ = {isa = PBXFileReference; lastKnownFileType = sourcecode.swift; path = ViewController.swift; sourceTree = "<group>"; };
		21558C1524DCD3B4004B3921 /* Base */ = {isa = PBXFileReference; lastKnownFileType = file.storyboard; name = Base; path = Base.lproj/Main.storyboard; sourceTree = "<group>"; };
		21558C1724DCD3B4004B3921 /* Assets.xcassets */ = {isa = PBXFileReference; lastKnownFileType = folder.assetcatalog; path = Assets.xcassets; sourceTree = "<group>"; };
		21558C1A24DCD3B4004B3921 /* Base */ = {isa = PBXFileReference; lastKnownFileType = file.storyboard; name = Base; path = Base.lproj/LaunchScreen.storyboard; sourceTree = "<group>"; };
		21558C1C24DCD3B4004B3921 /* Info.plist */ = {isa = PBXFileReference; lastKnownFileType = text.plist.xml; path = Info.plist; sourceTree = "<group>"; };
		7264692D444D650AC1A1A4B0 /* Pods-SwiftTestApp.debug.xcconfig */ = {isa = PBXFileReference; includeInIndex = 1; lastKnownFileType = text.xcconfig; name = "Pods-SwiftTestApp.debug.xcconfig"; path = "Target Support Files/Pods-SwiftTestApp/Pods-SwiftTestApp.debug.xcconfig"; sourceTree = "<group>"; };
		D11937541FA1BED613A69771 /* Pods_SwiftTestApp.framework */ = {isa = PBXFileReference; explicitFileType = wrapper.framework; includeInIndex = 0; path = Pods_SwiftTestApp.framework; sourceTree = BUILT_PRODUCTS_DIR; };
/* End PBXFileReference section */

/* Begin PBXFrameworksBuildPhase section */
		21558C0824DCD3B3004B3921 /* Frameworks */ = {
			isa = PBXFrameworksBuildPhase;
			buildActionMask = 2147483647;
			files = (
				96266C57636E0C1F168DA63C /* Pods_SwiftTestApp.framework in Frameworks */,
			);
			runOnlyForDeploymentPostprocessing = 0;
		};
/* End PBXFrameworksBuildPhase section */

/* Begin PBXGroup section */
		21558C0224DCD3B3004B3921 = {
			isa = PBXGroup;
			children = (
				21558C0D24DCD3B3004B3921 /* SwiftTestApp */,
				21558C0C24DCD3B3004B3921 /* Products */,
				DF16C340D8ECB1C02A5C180D /* Pods */,
				3E2C263544563575C86D95A5 /* Frameworks */,
			);
			sourceTree = "<group>";
		};
		21558C0C24DCD3B3004B3921 /* Products */ = {
			isa = PBXGroup;
			children = (
				21558C0B24DCD3B3004B3921 /* SwiftTestApp.app */,
			);
			name = Products;
			sourceTree = "<group>";
		};
		21558C0D24DCD3B3004B3921 /* SwiftTestApp */ = {
			isa = PBXGroup;
			children = (
				21558C0E24DCD3B3004B3921 /* AppDelegate.swift */,
				21558C1024DCD3B3004B3921 /* SceneDelegate.swift */,
				21558C1224DCD3B3004B3921 /* ViewController.swift */,
				21558C1424DCD3B4004B3921 /* Main.storyboard */,
				21558C1724DCD3B4004B3921 /* Assets.xcassets */,
				21558C1924DCD3B4004B3921 /* LaunchScreen.storyboard */,
				21558C1C24DCD3B4004B3921 /* Info.plist */,
			);
			path = SwiftTestApp;
			sourceTree = "<group>";
		};
		3E2C263544563575C86D95A5 /* Frameworks */ = {
			isa = PBXGroup;
			children = (
				D11937541FA1BED613A69771 /* Pods_SwiftTestApp.framework */,
			);
			name = Frameworks;
			sourceTree = "<group>";
		};
		DF16C340D8ECB1C02A5C180D /* Pods */ = {
			isa = PBXGroup;
			children = (
				7264692D444D650AC1A1A4B0 /* Pods-SwiftTestApp.debug.xcconfig */,
				20614967FD12B5EC53987C1E /* Pods-SwiftTestApp.release.xcconfig */,
			);
			name = Pods;
			path = Pods;
			sourceTree = "<group>";
		};
/* End PBXGroup section */

/* Begin PBXNativeTarget section */
		21558C0A24DCD3B3004B3921 /* SwiftTestApp */ = {
			isa = PBXNativeTarget;
			buildConfigurationList = 21558C1F24DCD3B4004B3921 /* Build configuration list for PBXNativeTarget "SwiftTestApp" */;
			buildPhases = (
				02632CD1C25D876426D158ED /* [CP] Check Pods Manifest.lock */,
				21558C0724DCD3B3004B3921 /* Sources */,
				21558C0824DCD3B3004B3921 /* Frameworks */,
				21558C0924DCD3B3004B3921 /* Resources */,
				DC3D0A271D7C0F9C6B7E4658 /* [CP] Embed Pods Frameworks */,
			);
			buildRules = (
			);
			dependencies = (
			);
			name = SwiftTestApp;
			productName = SwiftTestApp;
			productReference = 21558C0B24DCD3B3004B3921 /* SwiftTestApp.app */;
			productType = "com.apple.product-type.application";
		};
/* End PBXNativeTarget section */

/* Begin PBXProject section */
		21558C0324DCD3B3004B3921 /* Project object */ = {
			isa = PBXProject;
			attributes = {
				LastSwiftUpdateCheck = 1160;
				LastUpgradeCheck = 1160;
				ORGANIZATIONNAME = Adobe;
				TargetAttributes = {
					21558C0A24DCD3B3004B3921 = {
						CreatedOnToolsVersion = 11.6;
					};
				};
			};
			buildConfigurationList = 21558C0624DCD3B3004B3921 /* Build configuration list for PBXProject "SwiftTestApp" */;
			compatibilityVersion = "Xcode 9.3";
			developmentRegion = en;
			hasScannedForEncodings = 0;
			knownRegions = (
				en,
				Base,
			);
			mainGroup = 21558C0224DCD3B3004B3921;
			productRefGroup = 21558C0C24DCD3B3004B3921 /* Products */;
			projectDirPath = "";
			projectRoot = "";
			targets = (
				21558C0A24DCD3B3004B3921 /* SwiftTestApp */,
			);
		};
/* End PBXProject section */

/* Begin PBXResourcesBuildPhase section */
		21558C0924DCD3B3004B3921 /* Resources */ = {
			isa = PBXResourcesBuildPhase;
			buildActionMask = 2147483647;
			files = (
				21558C1B24DCD3B4004B3921 /* LaunchScreen.storyboard in Resources */,
				21558C1824DCD3B4004B3921 /* Assets.xcassets in Resources */,
				21558C1624DCD3B4004B3921 /* Main.storyboard in Resources */,
			);
			runOnlyForDeploymentPostprocessing = 0;
		};
/* End PBXResourcesBuildPhase section */

/* Begin PBXShellScriptBuildPhase section */
		02632CD1C25D876426D158ED /* [CP] Check Pods Manifest.lock */ = {
			isa = PBXShellScriptBuildPhase;
			buildActionMask = 2147483647;
			files = (
			);
			inputFileListPaths = (
			);
			inputPaths = (
				"${PODS_PODFILE_DIR_PATH}/Podfile.lock",
				"${PODS_ROOT}/Manifest.lock",
			);
			name = "[CP] Check Pods Manifest.lock";
			outputFileListPaths = (
			);
			outputPaths = (
				"$(DERIVED_FILE_DIR)/Pods-SwiftTestApp-checkManifestLockResult.txt",
			);
			runOnlyForDeploymentPostprocessing = 0;
			shellPath = /bin/sh;
			shellScript = "diff \"${PODS_PODFILE_DIR_PATH}/Podfile.lock\" \"${PODS_ROOT}/Manifest.lock\" > /dev/null\nif [ $? != 0 ] ; then\n    # print error to STDERR\n    echo \"error: The sandbox is not in sync with the Podfile.lock. Run 'pod install' or update your CocoaPods installation.\" >&2\n    exit 1\nfi\n# This output is used by Xcode 'outputs' to avoid re-running this script phase.\necho \"SUCCESS\" > \"${SCRIPT_OUTPUT_FILE_0}\"\n";
			showEnvVarsInLog = 0;
		};
		DC3D0A271D7C0F9C6B7E4658 /* [CP] Embed Pods Frameworks */ = {
			isa = PBXShellScriptBuildPhase;
			buildActionMask = 2147483647;
			files = (
			);
			inputFileListPaths = (
				"${PODS_ROOT}/Target Support Files/Pods-SwiftTestApp/Pods-SwiftTestApp-frameworks-${CONFIGURATION}-input-files.xcfilelist",
			);
			name = "[CP] Embed Pods Frameworks";
			outputFileListPaths = (
				"${PODS_ROOT}/Target Support Files/Pods-SwiftTestApp/Pods-SwiftTestApp-frameworks-${CONFIGURATION}-output-files.xcfilelist",
			);
			runOnlyForDeploymentPostprocessing = 0;
			shellPath = /bin/sh;
			shellScript = "\"${PODS_ROOT}/Target Support Files/Pods-SwiftTestApp/Pods-SwiftTestApp-frameworks.sh\"\n";
			showEnvVarsInLog = 0;
		};
/* End PBXShellScriptBuildPhase section */

/* Begin PBXSourcesBuildPhase section */
		21558C0724DCD3B3004B3921 /* Sources */ = {
			isa = PBXSourcesBuildPhase;
			buildActionMask = 2147483647;
			files = (
				21558C1324DCD3B3004B3921 /* ViewController.swift in Sources */,
				21558C0F24DCD3B3004B3921 /* AppDelegate.swift in Sources */,
				21558C1124DCD3B3004B3921 /* SceneDelegate.swift in Sources */,
			);
			runOnlyForDeploymentPostprocessing = 0;
		};
/* End PBXSourcesBuildPhase section */

/* Begin PBXVariantGroup section */
		21558C1424DCD3B4004B3921 /* Main.storyboard */ = {
			isa = PBXVariantGroup;
			children = (
				21558C1524DCD3B4004B3921 /* Base */,
			);
			name = Main.storyboard;
			sourceTree = "<group>";
		};
		21558C1924DCD3B4004B3921 /* LaunchScreen.storyboard */ = {
			isa = PBXVariantGroup;
			children = (
				21558C1A24DCD3B4004B3921 /* Base */,
			);
			name = LaunchScreen.storyboard;
			sourceTree = "<group>";
		};
/* End PBXVariantGroup section */

/* Begin XCBuildConfiguration section */
		21558C1D24DCD3B4004B3921 /* Debug */ = {
			isa = XCBuildConfiguration;
			buildSettings = {
				ALWAYS_SEARCH_USER_PATHS = NO;
				CLANG_ANALYZER_NONNULL = YES;
				CLANG_ANALYZER_NUMBER_OBJECT_CONVERSION = YES_AGGRESSIVE;
				CLANG_CXX_LANGUAGE_STANDARD = "gnu++14";
				CLANG_CXX_LIBRARY = "libc++";
				CLANG_ENABLE_MODULES = YES;
				CLANG_ENABLE_OBJC_ARC = YES;
				CLANG_ENABLE_OBJC_WEAK = YES;
				CLANG_WARN_BLOCK_CAPTURE_AUTORELEASING = YES;
				CLANG_WARN_BOOL_CONVERSION = YES;
				CLANG_WARN_COMMA = YES;
				CLANG_WARN_CONSTANT_CONVERSION = YES;
				CLANG_WARN_DEPRECATED_OBJC_IMPLEMENTATIONS = YES;
				CLANG_WARN_DIRECT_OBJC_ISA_USAGE = YES_ERROR;
				CLANG_WARN_DOCUMENTATION_COMMENTS = YES;
				CLANG_WARN_EMPTY_BODY = YES;
				CLANG_WARN_ENUM_CONVERSION = YES;
				CLANG_WARN_INFINITE_RECURSION = YES;
				CLANG_WARN_INT_CONVERSION = YES;
				CLANG_WARN_NON_LITERAL_NULL_CONVERSION = YES;
				CLANG_WARN_OBJC_IMPLICIT_RETAIN_SELF = YES;
				CLANG_WARN_OBJC_LITERAL_CONVERSION = YES;
				CLANG_WARN_OBJC_ROOT_CLASS = YES_ERROR;
				CLANG_WARN_RANGE_LOOP_ANALYSIS = YES;
				CLANG_WARN_STRICT_PROTOTYPES = YES;
				CLANG_WARN_SUSPICIOUS_MOVE = YES;
				CLANG_WARN_UNGUARDED_AVAILABILITY = YES_AGGRESSIVE;
				CLANG_WARN_UNREACHABLE_CODE = YES;
				CLANG_WARN__DUPLICATE_METHOD_MATCH = YES;
				COPY_PHASE_STRIP = NO;
				DEBUG_INFORMATION_FORMAT = dwarf;
				ENABLE_STRICT_OBJC_MSGSEND = YES;
				ENABLE_TESTABILITY = YES;
				GCC_C_LANGUAGE_STANDARD = gnu11;
				GCC_DYNAMIC_NO_PIC = NO;
				GCC_NO_COMMON_BLOCKS = YES;
				GCC_OPTIMIZATION_LEVEL = 0;
				GCC_PREPROCESSOR_DEFINITIONS = (
					"DEBUG=1",
					"$(inherited)",
				);
				GCC_WARN_64_TO_32_BIT_CONVERSION = YES;
				GCC_WARN_ABOUT_RETURN_TYPE = YES_ERROR;
				GCC_WARN_UNDECLARED_SELECTOR = YES;
				GCC_WARN_UNINITIALIZED_AUTOS = YES_AGGRESSIVE;
				GCC_WARN_UNUSED_FUNCTION = YES;
				GCC_WARN_UNUSED_VARIABLE = YES;
				IPHONEOS_DEPLOYMENT_TARGET = 13.6;
				MTL_ENABLE_DEBUG_INFO = INCLUDE_SOURCE;
				MTL_FAST_MATH = YES;
				ONLY_ACTIVE_ARCH = YES;
				SDKROOT = iphoneos;
				SWIFT_ACTIVE_COMPILATION_CONDITIONS = DEBUG;
				SWIFT_OPTIMIZATION_LEVEL = "-Onone";
			};
			name = Debug;
		};
		21558C1E24DCD3B4004B3921 /* Release */ = {
			isa = XCBuildConfiguration;
			buildSettings = {
				ALWAYS_SEARCH_USER_PATHS = NO;
				CLANG_ANALYZER_NONNULL = YES;
				CLANG_ANALYZER_NUMBER_OBJECT_CONVERSION = YES_AGGRESSIVE;
				CLANG_CXX_LANGUAGE_STANDARD = "gnu++14";
				CLANG_CXX_LIBRARY = "libc++";
				CLANG_ENABLE_MODULES = YES;
				CLANG_ENABLE_OBJC_ARC = YES;
				CLANG_ENABLE_OBJC_WEAK = YES;
				CLANG_WARN_BLOCK_CAPTURE_AUTORELEASING = YES;
				CLANG_WARN_BOOL_CONVERSION = YES;
				CLANG_WARN_COMMA = YES;
				CLANG_WARN_CONSTANT_CONVERSION = YES;
				CLANG_WARN_DEPRECATED_OBJC_IMPLEMENTATIONS = YES;
				CLANG_WARN_DIRECT_OBJC_ISA_USAGE = YES_ERROR;
				CLANG_WARN_DOCUMENTATION_COMMENTS = YES;
				CLANG_WARN_EMPTY_BODY = YES;
				CLANG_WARN_ENUM_CONVERSION = YES;
				CLANG_WARN_INFINITE_RECURSION = YES;
				CLANG_WARN_INT_CONVERSION = YES;
				CLANG_WARN_NON_LITERAL_NULL_CONVERSION = YES;
				CLANG_WARN_OBJC_IMPLICIT_RETAIN_SELF = YES;
				CLANG_WARN_OBJC_LITERAL_CONVERSION = YES;
				CLANG_WARN_OBJC_ROOT_CLASS = YES_ERROR;
				CLANG_WARN_RANGE_LOOP_ANALYSIS = YES;
				CLANG_WARN_STRICT_PROTOTYPES = YES;
				CLANG_WARN_SUSPICIOUS_MOVE = YES;
				CLANG_WARN_UNGUARDED_AVAILABILITY = YES_AGGRESSIVE;
				CLANG_WARN_UNREACHABLE_CODE = YES;
				CLANG_WARN__DUPLICATE_METHOD_MATCH = YES;
				COPY_PHASE_STRIP = NO;
				DEBUG_INFORMATION_FORMAT = "dwarf-with-dsym";
				ENABLE_NS_ASSERTIONS = NO;
				ENABLE_STRICT_OBJC_MSGSEND = YES;
				GCC_C_LANGUAGE_STANDARD = gnu11;
				GCC_NO_COMMON_BLOCKS = YES;
				GCC_WARN_64_TO_32_BIT_CONVERSION = YES;
				GCC_WARN_ABOUT_RETURN_TYPE = YES_ERROR;
				GCC_WARN_UNDECLARED_SELECTOR = YES;
				GCC_WARN_UNINITIALIZED_AUTOS = YES_AGGRESSIVE;
				GCC_WARN_UNUSED_FUNCTION = YES;
				GCC_WARN_UNUSED_VARIABLE = YES;
				IPHONEOS_DEPLOYMENT_TARGET = 13.6;
				MTL_ENABLE_DEBUG_INFO = NO;
				MTL_FAST_MATH = YES;
				SDKROOT = iphoneos;
				SWIFT_COMPILATION_MODE = wholemodule;
				SWIFT_OPTIMIZATION_LEVEL = "-O";
				VALIDATE_PRODUCT = YES;
			};
			name = Release;
		};
		21558C2024DCD3B4004B3921 /* Debug */ = {
			isa = XCBuildConfiguration;
			baseConfigurationReference = 7264692D444D650AC1A1A4B0 /* Pods-SwiftTestApp.debug.xcconfig */;
			buildSettings = {
				ASSETCATALOG_COMPILER_APPICON_NAME = AppIcon;
				CODE_SIGN_STYLE = Automatic;
				DEVELOPMENT_TEAM = GP6Z9HB7H4;
				INFOPLIST_FILE = SwiftTestApp/Info.plist;
				LD_RUNPATH_SEARCH_PATHS = (
					"$(inherited)",
					"@executable_path/Frameworks",
				);
				PRODUCT_BUNDLE_IDENTIFIER = Adobe.SwiftTestApp;
				PRODUCT_NAME = "$(TARGET_NAME)";
				SWIFT_VERSION = 5.0;
				TARGETED_DEVICE_FAMILY = "1,2";
			};
			name = Debug;
		};
		21558C2124DCD3B4004B3921 /* Release */ = {
			isa = XCBuildConfiguration;
			baseConfigurationReference = 20614967FD12B5EC53987C1E /* Pods-SwiftTestApp.release.xcconfig */;
			buildSettings = {
				ASSETCATALOG_COMPILER_APPICON_NAME = AppIcon;
				CODE_SIGN_STYLE = Automatic;
				DEVELOPMENT_TEAM = GP6Z9HB7H4;
				INFOPLIST_FILE = SwiftTestApp/Info.plist;
				LD_RUNPATH_SEARCH_PATHS = (
					"$(inherited)",
					"@executable_path/Frameworks",
				);
				PRODUCT_BUNDLE_IDENTIFIER = Adobe.SwiftTestApp;
				PRODUCT_NAME = "$(TARGET_NAME)";
				SWIFT_VERSION = 5.0;
				TARGETED_DEVICE_FAMILY = "1,2";
			};
			name = Release;
		};
/* End XCBuildConfiguration section */

/* Begin XCConfigurationList section */
		21558C0624DCD3B3004B3921 /* Build configuration list for PBXProject "SwiftTestApp" */ = {
			isa = XCConfigurationList;
			buildConfigurations = (
				21558C1D24DCD3B4004B3921 /* Debug */,
				21558C1E24DCD3B4004B3921 /* Release */,
			);
			defaultConfigurationIsVisible = 0;
			defaultConfigurationName = Release;
		};
		21558C1F24DCD3B4004B3921 /* Build configuration list for PBXNativeTarget "SwiftTestApp" */ = {
			isa = XCConfigurationList;
			buildConfigurations = (
				21558C2024DCD3B4004B3921 /* Debug */,
				21558C2124DCD3B4004B3921 /* Release */,
			);
			defaultConfigurationIsVisible = 0;
			defaultConfigurationName = Release;
		};
/* End XCConfigurationList section */
	};
	rootObject = 21558C0324DCD3B3004B3921 /* Project object */;
}
