// !$*UTF8*$!
{
	archiveVersion = 1;
	classes = {
	};
	objectVersion = 51;
	objects = {

/* Begin PBXBuildFile section */
		149C39C1206E0467D54154B0 /* Pods_ACPAudience.framework in Frameworks */ = {isa = PBXBuildFile; fileRef = A70D649236C206224270B160 /* Pods_ACPAudience.framework */; };
		21558BAC24DCA373004B3921 /* ACPCore.framework in Frameworks */ = {isa = PBXBuildFile; fileRef = 21558BA224DCA373004B3921 /* ACPCore.framework */; };
		21558BB124DCA373004B3921 /* ACPCoreTests.m in Sources */ = {isa = PBXBuildFile; fileRef = 21558BB024DCA373004B3921 /* ACPCoreTests.m */; };
		21558BB324DCA373004B3921 /* ACPCoreUmbrella.h in Headers */ = {isa = PBXBuildFile; fileRef = 21558BA524DCA373004B3921 /* ACPCoreUmbrella.h */; settings = {ATTRIBUTES = (Public, ); }; };
		21558BC824DCA415004B3921 /* ACPExtensionEvent.h in Headers */ = {isa = PBXBuildFile; fileRef = 21558BC024DCA415004B3921 /* ACPExtensionEvent.h */; settings = {ATTRIBUTES = (Public, ); }; };
		21558BC924DCA415004B3921 /* ACPExtensionEvent.m in Sources */ = {isa = PBXBuildFile; fileRef = 21558BC124DCA415004B3921 /* ACPExtensionEvent.m */; };
		21558BCA24DCA415004B3921 /* ACPCore.h in Headers */ = {isa = PBXBuildFile; fileRef = 21558BC224DCA415004B3921 /* ACPCore.h */; settings = {ATTRIBUTES = (Public, ); }; };
		21558BCB24DCA415004B3921 /* ACPCore.m in Sources */ = {isa = PBXBuildFile; fileRef = 21558BC324DCA415004B3921 /* ACPCore.m */; };
		21558BCC24DCA415004B3921 /* ACPMobileVisitorId.m in Sources */ = {isa = PBXBuildFile; fileRef = 21558BC424DCA415004B3921 /* ACPMobileVisitorId.m */; };
		21558BCD24DCA415004B3921 /* ACPMobileVisitorId.h in Headers */ = {isa = PBXBuildFile; fileRef = 21558BC524DCA415004B3921 /* ACPMobileVisitorId.h */; settings = {ATTRIBUTES = (Public, ); }; };
		21558BCE24DCA415004B3921 /* NSError+AEPError.m in Sources */ = {isa = PBXBuildFile; fileRef = 21558BC624DCA415004B3921 /* NSError+AEPError.m */; };
		21558BCF24DCA415004B3921 /* NSError+AEPError.h in Headers */ = {isa = PBXBuildFile; fileRef = 21558BC724DCA415004B3921 /* NSError+AEPError.h */; };
		21558BD224DCA4C8004B3921 /* ACPIdentity.h in Headers */ = {isa = PBXBuildFile; fileRef = 21558BD024DCA4C8004B3921 /* ACPIdentity.h */; settings = {ATTRIBUTES = (Public, ); }; };
		21558BD324DCA4C8004B3921 /* ACPIdentity.m in Sources */ = {isa = PBXBuildFile; fileRef = 21558BD124DCA4C8004B3921 /* ACPIdentity.m */; };
		21558BD624DCA4E9004B3921 /* ACPLifecycle.m in Sources */ = {isa = PBXBuildFile; fileRef = 21558BD424DCA4E8004B3921 /* ACPLifecycle.m */; };
		21558BD724DCA4E9004B3921 /* ACPLifecycle.h in Headers */ = {isa = PBXBuildFile; fileRef = 21558BD524DCA4E9004B3921 /* ACPLifecycle.h */; settings = {ATTRIBUTES = (Public, ); }; };
		21558BDA24DCA4F6004B3921 /* ACPSignal.h in Headers */ = {isa = PBXBuildFile; fileRef = 21558BD824DCA4F6004B3921 /* ACPSignal.h */; settings = {ATTRIBUTES = (Public, ); }; };
		21558BDB24DCA4F6004B3921 /* ACPSignal.m in Sources */ = {isa = PBXBuildFile; fileRef = 21558BD924DCA4F6004B3921 /* ACPSignal.m */; };
		21558C3824DDD352004B3921 /* ACPExtensionError.h in Headers */ = {isa = PBXBuildFile; fileRef = 21558C3424DDD352004B3921 /* ACPExtensionError.h */; settings = {ATTRIBUTES = (Public, ); }; };
		21558C3924DDD352004B3921 /* ACPExtensionListener.h in Headers */ = {isa = PBXBuildFile; fileRef = 21558C3524DDD352004B3921 /* ACPExtensionListener.h */; settings = {ATTRIBUTES = (Public, ); }; };
		21558C3A24DDD352004B3921 /* ACPExtension.h in Headers */ = {isa = PBXBuildFile; fileRef = 21558C3624DDD352004B3921 /* ACPExtension.h */; settings = {ATTRIBUTES = (Public, ); }; };
		21558C3B24DDD352004B3921 /* ACPExtensionApi.h in Headers */ = {isa = PBXBuildFile; fileRef = 21558C3724DDD352004B3921 /* ACPExtensionApi.h */; settings = {ATTRIBUTES = (Public, ); }; };
		21558C4024DDD3A8004B3921 /* ACPExtensionListener.m in Sources */ = {isa = PBXBuildFile; fileRef = 21558C3C24DDD3A8004B3921 /* ACPExtensionListener.m */; };
		21558C4124DDD3A8004B3921 /* ACPExtension.m in Sources */ = {isa = PBXBuildFile; fileRef = 21558C3D24DDD3A8004B3921 /* ACPExtension.m */; };
		21558C4224DDD3A8004B3921 /* ACPExtensionApi.m in Sources */ = {isa = PBXBuildFile; fileRef = 21558C3E24DDD3A8004B3921 /* ACPExtensionApi.m */; };
		21558C4324DDD3A8004B3921 /* ACPExtensionError.m in Sources */ = {isa = PBXBuildFile; fileRef = 21558C3F24DDD3A8004B3921 /* ACPExtensionError.m */; };
		21558C4624DE1D44004B3921 /* ACPBridgeExtension.h in Headers */ = {isa = PBXBuildFile; fileRef = 21558C4424DE1D44004B3921 /* ACPBridgeExtension.h */; };
		21558C4724DE1D44004B3921 /* ACPBridgeExtension.m in Sources */ = {isa = PBXBuildFile; fileRef = 21558C4524DE1D44004B3921 /* ACPBridgeExtension.m */; };
		3F975D6C256D801100C490DC /* ACPUserProfile.h in Headers */ = {isa = PBXBuildFile; fileRef = 3F975D6B256D801100C490DC /* ACPUserProfile.h */; };
		74A6AB369858D3179856CE3D /* Pods_ACPAnalytics.framework in Frameworks */ = {isa = PBXBuildFile; fileRef = 23F8EB6057F2220DC4C7C88F /* Pods_ACPAnalytics.framework */; };
		92438BEC25A5354500359C53 /* ACPAnalytics.h in Headers */ = {isa = PBXBuildFile; fileRef = 92438BEA25A5354500359C53 /* ACPAnalytics.h */; settings = {ATTRIBUTES = (Public, ); }; };
		92438BF525A5388300359C53 /* ACPAnalytics.m in Sources */ = {isa = PBXBuildFile; fileRef = 92438BF425A5388300359C53 /* ACPAnalytics.m */; };
		975248CD3BA74F1731A0BAB5 /* Pods_ACPCore_ACPCoreTests.framework in Frameworks */ = {isa = PBXBuildFile; fileRef = 0F5FF225D46F436B40871F06 /* Pods_ACPCore_ACPCoreTests.framework */; };
		BBFCF5A32552004A000EA193 /* ACPUserProfile.m in Sources */ = {isa = PBXBuildFile; fileRef = BBFCF5A12552004A000EA193 /* ACPUserProfile.m */; };
		D6DBA86D25A5251A0089FB71 /* ACPAudience.h in Headers */ = {isa = PBXBuildFile; fileRef = D6DBA86B25A5251A0089FB71 /* ACPAudience.h */; settings = {ATTRIBUTES = (Public, ); }; };
		D6DBA88B25A527760089FB71 /* ACPAudience.m in Sources */ = {isa = PBXBuildFile; fileRef = D6DBA88A25A527760089FB71 /* ACPAudience.m */; };
		DFBBEF4BDD09554134B12D72 /* Pods_ACPCore.framework in Frameworks */ = {isa = PBXBuildFile; fileRef = 4CBF8ACCB7BF85927CDCC2F7 /* Pods_ACPCore.framework */; };
		FA807DDB05775B3552B84E0E /* Pods_ACPUserProfile.framework in Frameworks */ = {isa = PBXBuildFile; fileRef = AE930440D2BEA4AB7BBD72ED /* Pods_ACPUserProfile.framework */; };
/* End PBXBuildFile section */

/* Begin PBXContainerItemProxy section */
		21558BAD24DCA373004B3921 /* PBXContainerItemProxy */ = {
			isa = PBXContainerItemProxy;
			containerPortal = 21558B9924DCA373004B3921 /* Project object */;
			proxyType = 1;
			remoteGlobalIDString = 21558BA124DCA373004B3921;
			remoteInfo = ACPCore;
		};
/* End PBXContainerItemProxy section */

/* Begin PBXFileReference section */
		0F5FF225D46F436B40871F06 /* Pods_ACPCore_ACPCoreTests.framework */ = {isa = PBXFileReference; explicitFileType = wrapper.framework; includeInIndex = 0; path = Pods_ACPCore_ACPCoreTests.framework; sourceTree = BUILT_PRODUCTS_DIR; };
		21558BA224DCA373004B3921 /* ACPCore.framework */ = {isa = PBXFileReference; explicitFileType = wrapper.framework; includeInIndex = 0; path = ACPCore.framework; sourceTree = BUILT_PRODUCTS_DIR; };
		21558BA524DCA373004B3921 /* ACPCoreUmbrella.h */ = {isa = PBXFileReference; lastKnownFileType = sourcecode.c.h; path = ACPCoreUmbrella.h; sourceTree = "<group>"; };
		21558BA624DCA373004B3921 /* Info.plist */ = {isa = PBXFileReference; lastKnownFileType = text.plist.xml; path = Info.plist; sourceTree = "<group>"; };
		21558BAB24DCA373004B3921 /* ACPCoreTests.xctest */ = {isa = PBXFileReference; explicitFileType = wrapper.cfbundle; includeInIndex = 0; path = ACPCoreTests.xctest; sourceTree = BUILT_PRODUCTS_DIR; };
		21558BB024DCA373004B3921 /* ACPCoreTests.m */ = {isa = PBXFileReference; lastKnownFileType = sourcecode.c.objc; path = ACPCoreTests.m; sourceTree = "<group>"; };
		21558BB224DCA373004B3921 /* Info.plist */ = {isa = PBXFileReference; lastKnownFileType = text.plist.xml; path = Info.plist; sourceTree = "<group>"; };
		21558BC024DCA415004B3921 /* ACPExtensionEvent.h */ = {isa = PBXFileReference; fileEncoding = 4; lastKnownFileType = sourcecode.c.h; path = ACPExtensionEvent.h; sourceTree = "<group>"; };
		21558BC124DCA415004B3921 /* ACPExtensionEvent.m */ = {isa = PBXFileReference; fileEncoding = 4; lastKnownFileType = sourcecode.c.objc; path = ACPExtensionEvent.m; sourceTree = "<group>"; };
		21558BC224DCA415004B3921 /* ACPCore.h */ = {isa = PBXFileReference; fileEncoding = 4; lastKnownFileType = sourcecode.c.h; path = ACPCore.h; sourceTree = "<group>"; };
		21558BC324DCA415004B3921 /* ACPCore.m */ = {isa = PBXFileReference; fileEncoding = 4; lastKnownFileType = sourcecode.c.objc; path = ACPCore.m; sourceTree = "<group>"; };
		21558BC424DCA415004B3921 /* ACPMobileVisitorId.m */ = {isa = PBXFileReference; fileEncoding = 4; lastKnownFileType = sourcecode.c.objc; path = ACPMobileVisitorId.m; sourceTree = "<group>"; };
		21558BC524DCA415004B3921 /* ACPMobileVisitorId.h */ = {isa = PBXFileReference; fileEncoding = 4; lastKnownFileType = sourcecode.c.h; path = ACPMobileVisitorId.h; sourceTree = "<group>"; };
		21558BC624DCA415004B3921 /* NSError+AEPError.m */ = {isa = PBXFileReference; fileEncoding = 4; lastKnownFileType = sourcecode.c.objc; path = "NSError+AEPError.m"; sourceTree = "<group>"; };
		21558BC724DCA415004B3921 /* NSError+AEPError.h */ = {isa = PBXFileReference; fileEncoding = 4; lastKnownFileType = sourcecode.c.h; path = "NSError+AEPError.h"; sourceTree = "<group>"; };
		21558BD024DCA4C8004B3921 /* ACPIdentity.h */ = {isa = PBXFileReference; fileEncoding = 4; lastKnownFileType = sourcecode.c.h; path = ACPIdentity.h; sourceTree = "<group>"; };
		21558BD124DCA4C8004B3921 /* ACPIdentity.m */ = {isa = PBXFileReference; fileEncoding = 4; lastKnownFileType = sourcecode.c.objc; path = ACPIdentity.m; sourceTree = "<group>"; };
		21558BD424DCA4E8004B3921 /* ACPLifecycle.m */ = {isa = PBXFileReference; fileEncoding = 4; lastKnownFileType = sourcecode.c.objc; path = ACPLifecycle.m; sourceTree = "<group>"; };
		21558BD524DCA4E9004B3921 /* ACPLifecycle.h */ = {isa = PBXFileReference; fileEncoding = 4; lastKnownFileType = sourcecode.c.h; path = ACPLifecycle.h; sourceTree = "<group>"; };
		21558BD824DCA4F6004B3921 /* ACPSignal.h */ = {isa = PBXFileReference; fileEncoding = 4; lastKnownFileType = sourcecode.c.h; path = ACPSignal.h; sourceTree = "<group>"; };
		21558BD924DCA4F6004B3921 /* ACPSignal.m */ = {isa = PBXFileReference; fileEncoding = 4; lastKnownFileType = sourcecode.c.objc; path = ACPSignal.m; sourceTree = "<group>"; };
		21558BDC24DCAD74004B3921 /* module.modulemap */ = {isa = PBXFileReference; lastKnownFileType = "sourcecode.module-map"; path = module.modulemap; sourceTree = "<group>"; };
		21558C3424DDD352004B3921 /* ACPExtensionError.h */ = {isa = PBXFileReference; fileEncoding = 4; lastKnownFileType = sourcecode.c.h; path = ACPExtensionError.h; sourceTree = "<group>"; };
		21558C3524DDD352004B3921 /* ACPExtensionListener.h */ = {isa = PBXFileReference; fileEncoding = 4; lastKnownFileType = sourcecode.c.h; path = ACPExtensionListener.h; sourceTree = "<group>"; };
		21558C3624DDD352004B3921 /* ACPExtension.h */ = {isa = PBXFileReference; fileEncoding = 4; lastKnownFileType = sourcecode.c.h; path = ACPExtension.h; sourceTree = "<group>"; };
		21558C3724DDD352004B3921 /* ACPExtensionApi.h */ = {isa = PBXFileReference; fileEncoding = 4; lastKnownFileType = sourcecode.c.h; path = ACPExtensionApi.h; sourceTree = "<group>"; };
		21558C3C24DDD3A8004B3921 /* ACPExtensionListener.m */ = {isa = PBXFileReference; fileEncoding = 4; lastKnownFileType = sourcecode.c.objc; path = ACPExtensionListener.m; sourceTree = "<group>"; };
		21558C3D24DDD3A8004B3921 /* ACPExtension.m */ = {isa = PBXFileReference; fileEncoding = 4; lastKnownFileType = sourcecode.c.objc; path = ACPExtension.m; sourceTree = "<group>"; };
		21558C3E24DDD3A8004B3921 /* ACPExtensionApi.m */ = {isa = PBXFileReference; fileEncoding = 4; lastKnownFileType = sourcecode.c.objc; path = ACPExtensionApi.m; sourceTree = "<group>"; };
		21558C3F24DDD3A8004B3921 /* ACPExtensionError.m */ = {isa = PBXFileReference; fileEncoding = 4; lastKnownFileType = sourcecode.c.objc; path = ACPExtensionError.m; sourceTree = "<group>"; };
		21558C4424DE1D44004B3921 /* ACPBridgeExtension.h */ = {isa = PBXFileReference; lastKnownFileType = sourcecode.c.h; path = ACPBridgeExtension.h; sourceTree = "<group>"; };
		21558C4524DE1D44004B3921 /* ACPBridgeExtension.m */ = {isa = PBXFileReference; lastKnownFileType = sourcecode.c.objc; path = ACPBridgeExtension.m; sourceTree = "<group>"; };
		21C7E300A6664489755A841E /* Pods-ACPUserProfile.debug.xcconfig */ = {isa = PBXFileReference; includeInIndex = 1; lastKnownFileType = text.xcconfig; name = "Pods-ACPUserProfile.debug.xcconfig"; path = "Target Support Files/Pods-ACPUserProfile/Pods-ACPUserProfile.debug.xcconfig"; sourceTree = "<group>"; };
		39E3043AA19547343B6B1809 /* Pods-ACPAudience.debug.xcconfig */ = {isa = PBXFileReference; includeInIndex = 1; lastKnownFileType = text.xcconfig; name = "Pods-ACPAudience.debug.xcconfig"; path = "Target Support Files/Pods-ACPAudience/Pods-ACPAudience.debug.xcconfig"; sourceTree = "<group>"; };
		23F8EB6057F2220DC4C7C88F /* Pods_ACPAnalytics.framework */ = {isa = PBXFileReference; explicitFileType = wrapper.framework; includeInIndex = 0; path = Pods_ACPAnalytics.framework; sourceTree = BUILT_PRODUCTS_DIR; };
		3F975D6B256D801100C490DC /* ACPUserProfile.h */ = {isa = PBXFileReference; fileEncoding = 4; lastKnownFileType = sourcecode.c.h; path = ACPUserProfile.h; sourceTree = "<group>"; };
		4CBF8ACCB7BF85927CDCC2F7 /* Pods_ACPCore.framework */ = {isa = PBXFileReference; explicitFileType = wrapper.framework; includeInIndex = 0; path = Pods_ACPCore.framework; sourceTree = BUILT_PRODUCTS_DIR; };
		90D385E2E3759857490D2259 /* Pods-ACPCore-ACPCoreTests.release.xcconfig */ = {isa = PBXFileReference; includeInIndex = 1; lastKnownFileType = text.xcconfig; name = "Pods-ACPCore-ACPCoreTests.release.xcconfig"; path = "Target Support Files/Pods-ACPCore-ACPCoreTests/Pods-ACPCore-ACPCoreTests.release.xcconfig"; sourceTree = "<group>"; };
		91F2EFCBAC5F76897D7A8E3E /* Pods-ACPCore.release.xcconfig */ = {isa = PBXFileReference; includeInIndex = 1; lastKnownFileType = text.xcconfig; name = "Pods-ACPCore.release.xcconfig"; path = "Target Support Files/Pods-ACPCore/Pods-ACPCore.release.xcconfig"; sourceTree = "<group>"; };
		92438BE825A5354500359C53 /* ACPAnalytics.framework */ = {isa = PBXFileReference; explicitFileType = wrapper.framework; includeInIndex = 0; path = ACPAnalytics.framework; sourceTree = BUILT_PRODUCTS_DIR; };
		92438BEA25A5354500359C53 /* ACPAnalytics.h */ = {isa = PBXFileReference; lastKnownFileType = sourcecode.c.h; path = ACPAnalytics.h; sourceTree = "<group>"; };
		92438BEB25A5354500359C53 /* Info.plist */ = {isa = PBXFileReference; lastKnownFileType = text.plist.xml; path = Info.plist; sourceTree = "<group>"; };
		92438BF425A5388300359C53 /* ACPAnalytics.m */ = {isa = PBXFileReference; lastKnownFileType = sourcecode.c.objc; path = ACPAnalytics.m; sourceTree = "<group>"; };
		96087480F6F8EE933A5D9972 /* Pods-ACPCore-ACPCoreTests.debug.xcconfig */ = {isa = PBXFileReference; includeInIndex = 1; lastKnownFileType = text.xcconfig; name = "Pods-ACPCore-ACPCoreTests.debug.xcconfig"; path = "Target Support Files/Pods-ACPCore-ACPCoreTests/Pods-ACPCore-ACPCoreTests.debug.xcconfig"; sourceTree = "<group>"; };
		9639640F8E8B012FBBF2F35C /* Pods-ACPUserProfile.release.xcconfig */ = {isa = PBXFileReference; includeInIndex = 1; lastKnownFileType = text.xcconfig; name = "Pods-ACPUserProfile.release.xcconfig"; path = "Target Support Files/Pods-ACPUserProfile/Pods-ACPUserProfile.release.xcconfig"; sourceTree = "<group>"; };
		A70D649236C206224270B160 /* Pods_ACPAudience.framework */ = {isa = PBXFileReference; explicitFileType = wrapper.framework; includeInIndex = 0; path = Pods_ACPAudience.framework; sourceTree = BUILT_PRODUCTS_DIR; };
		98194C2C6BE8BCEE422CF790 /* Pods-ACPAnalytics.debug.xcconfig */ = {isa = PBXFileReference; includeInIndex = 1; lastKnownFileType = text.xcconfig; name = "Pods-ACPAnalytics.debug.xcconfig"; path = "Target Support Files/Pods-ACPAnalytics/Pods-ACPAnalytics.debug.xcconfig"; sourceTree = "<group>"; };
		AE930440D2BEA4AB7BBD72ED /* Pods_ACPUserProfile.framework */ = {isa = PBXFileReference; explicitFileType = wrapper.framework; includeInIndex = 0; path = Pods_ACPUserProfile.framework; sourceTree = BUILT_PRODUCTS_DIR; };
		BA2B12A3E10D4F0295BC67B6 /* Pods-ACPAudience.release.xcconfig */ = {isa = PBXFileReference; includeInIndex = 1; lastKnownFileType = text.xcconfig; name = "Pods-ACPAudience.release.xcconfig"; path = "Target Support Files/Pods-ACPAudience/Pods-ACPAudience.release.xcconfig"; sourceTree = "<group>"; };
		BBFCF5982552001B000EA193 /* ACPUserProfile.framework */ = {isa = PBXFileReference; explicitFileType = wrapper.framework; includeInIndex = 0; path = ACPUserProfile.framework; sourceTree = BUILT_PRODUCTS_DIR; };
		BBFCF59B2552001B000EA193 /* Info.plist */ = {isa = PBXFileReference; lastKnownFileType = text.plist.xml; path = Info.plist; sourceTree = "<group>"; };
		BBFCF5A12552004A000EA193 /* ACPUserProfile.m */ = {isa = PBXFileReference; fileEncoding = 4; lastKnownFileType = sourcecode.c.objc; path = ACPUserProfile.m; sourceTree = "<group>"; };
		D6DBA86925A5251A0089FB71 /* ACPAudience.framework */ = {isa = PBXFileReference; explicitFileType = wrapper.framework; includeInIndex = 0; path = ACPAudience.framework; sourceTree = BUILT_PRODUCTS_DIR; };
		D6DBA86B25A5251A0089FB71 /* ACPAudience.h */ = {isa = PBXFileReference; lastKnownFileType = sourcecode.c.h; path = ACPAudience.h; sourceTree = "<group>"; };
		D6DBA86C25A5251A0089FB71 /* Info.plist */ = {isa = PBXFileReference; lastKnownFileType = text.plist.xml; path = Info.plist; sourceTree = "<group>"; };
		D6DBA88A25A527760089FB71 /* ACPAudience.m */ = {isa = PBXFileReference; lastKnownFileType = sourcecode.c.objc; path = ACPAudience.m; sourceTree = "<group>"; };
		C26E738D6E100EDC7C8CF07D /* Pods-ACPAnalytics.release.xcconfig */ = {isa = PBXFileReference; includeInIndex = 1; lastKnownFileType = text.xcconfig; name = "Pods-ACPAnalytics.release.xcconfig"; path = "Target Support Files/Pods-ACPAnalytics/Pods-ACPAnalytics.release.xcconfig"; sourceTree = "<group>"; };
		FE13D1FCDB9783830360EF51 /* Pods-ACPCore.debug.xcconfig */ = {isa = PBXFileReference; includeInIndex = 1; lastKnownFileType = text.xcconfig; name = "Pods-ACPCore.debug.xcconfig"; path = "Target Support Files/Pods-ACPCore/Pods-ACPCore.debug.xcconfig"; sourceTree = "<group>"; };
/* End PBXFileReference section */

/* Begin PBXFrameworksBuildPhase section */
		21558B9F24DCA373004B3921 /* Frameworks */ = {
			isa = PBXFrameworksBuildPhase;
			buildActionMask = 2147483647;
			files = (
				DFBBEF4BDD09554134B12D72 /* Pods_ACPCore.framework in Frameworks */,
			);
			runOnlyForDeploymentPostprocessing = 0;
		};
		21558BA824DCA373004B3921 /* Frameworks */ = {
			isa = PBXFrameworksBuildPhase;
			buildActionMask = 2147483647;
			files = (
				21558BAC24DCA373004B3921 /* ACPCore.framework in Frameworks */,
				975248CD3BA74F1731A0BAB5 /* Pods_ACPCore_ACPCoreTests.framework in Frameworks */,
			);
			runOnlyForDeploymentPostprocessing = 0;
		};
		92438BE525A5354500359C53 /* Frameworks */ = {
			isa = PBXFrameworksBuildPhase;
			buildActionMask = 2147483647;
			files = (
				74A6AB369858D3179856CE3D /* Pods_ACPAnalytics.framework in Frameworks */,
			);
			runOnlyForDeploymentPostprocessing = 0;
		};
		BBFCF5952552001B000EA193 /* Frameworks */ = {
			isa = PBXFrameworksBuildPhase;
			buildActionMask = 2147483647;
			files = (
				FA807DDB05775B3552B84E0E /* Pods_ACPUserProfile.framework in Frameworks */,
			);
			runOnlyForDeploymentPostprocessing = 0;
		};
		D6DBA86625A5251A0089FB71 /* Frameworks */ = {
			isa = PBXFrameworksBuildPhase;
			buildActionMask = 2147483647;
			files = (
				149C39C1206E0467D54154B0 /* Pods_ACPAudience.framework in Frameworks */,
			);
			runOnlyForDeploymentPostprocessing = 0;
		};
/* End PBXFrameworksBuildPhase section */

/* Begin PBXGroup section */
		21558B9824DCA373004B3921 = {
			isa = PBXGroup;
			children = (
				21558BA424DCA373004B3921 /* ACPCore */,
				21558BAF24DCA373004B3921 /* ACPCoreTests */,
				BBFCF5992552001B000EA193 /* ACPUserProfile */,
				D6DBA86A25A5251A0089FB71 /* ACPAudience */,
				92438BE925A5354500359C53 /* ACPAnalytics */,
				21558BA324DCA373004B3921 /* Products */,
				7760FA52E364B0E47A19AD11 /* Pods */,
				E5A701BD62609B58F7C128D8 /* Frameworks */,
			);
			sourceTree = "<group>";
		};
		21558BA324DCA373004B3921 /* Products */ = {
			isa = PBXGroup;
			children = (
				21558BA224DCA373004B3921 /* ACPCore.framework */,
				21558BAB24DCA373004B3921 /* ACPCoreTests.xctest */,
				BBFCF5982552001B000EA193 /* ACPUserProfile.framework */,
				D6DBA86925A5251A0089FB71 /* ACPAudience.framework */,
				92438BE825A5354500359C53 /* ACPAnalytics.framework */,
			);
			name = Products;
			sourceTree = "<group>";
		};
		21558BA424DCA373004B3921 /* ACPCore */ = {
			isa = PBXGroup;
			children = (
				21558C3324DDD26B004B3921 /* extensions */,
				21558BBC24DCA3D9004B3921 /* core */,
				21558BBE24DCA3E5004B3921 /* identity */,
				21558BBD24DCA3DE004B3921 /* lifecycle */,
				21558BBF24DCA3EC004B3921 /* signal */,
				21558BA524DCA373004B3921 /* ACPCoreUmbrella.h */,
				21558BA624DCA373004B3921 /* Info.plist */,
				21558BDC24DCAD74004B3921 /* module.modulemap */,
			);
			path = ACPCore;
			sourceTree = "<group>";
		};
		21558BAF24DCA373004B3921 /* ACPCoreTests */ = {
			isa = PBXGroup;
			children = (
				21558BB024DCA373004B3921 /* ACPCoreTests.m */,
				21558BB224DCA373004B3921 /* Info.plist */,
			);
			path = ACPCoreTests;
			sourceTree = "<group>";
		};
		21558BBC24DCA3D9004B3921 /* core */ = {
			isa = PBXGroup;
			children = (
				21558BC224DCA415004B3921 /* ACPCore.h */,
				21558BC324DCA415004B3921 /* ACPCore.m */,
				21558BC024DCA415004B3921 /* ACPExtensionEvent.h */,
				21558BC124DCA415004B3921 /* ACPExtensionEvent.m */,
				21558BC524DCA415004B3921 /* ACPMobileVisitorId.h */,
				21558BC424DCA415004B3921 /* ACPMobileVisitorId.m */,
				21558BC724DCA415004B3921 /* NSError+AEPError.h */,
				21558BC624DCA415004B3921 /* NSError+AEPError.m */,
			);
			path = core;
			sourceTree = "<group>";
		};
		21558BBD24DCA3DE004B3921 /* lifecycle */ = {
			isa = PBXGroup;
			children = (
				21558BD524DCA4E9004B3921 /* ACPLifecycle.h */,
				21558BD424DCA4E8004B3921 /* ACPLifecycle.m */,
			);
			path = lifecycle;
			sourceTree = "<group>";
		};
		21558BBE24DCA3E5004B3921 /* identity */ = {
			isa = PBXGroup;
			children = (
				21558BD024DCA4C8004B3921 /* ACPIdentity.h */,
				21558BD124DCA4C8004B3921 /* ACPIdentity.m */,
			);
			path = identity;
			sourceTree = "<group>";
		};
		21558BBF24DCA3EC004B3921 /* signal */ = {
			isa = PBXGroup;
			children = (
				21558BD824DCA4F6004B3921 /* ACPSignal.h */,
				21558BD924DCA4F6004B3921 /* ACPSignal.m */,
			);
			path = signal;
			sourceTree = "<group>";
		};
		21558C3324DDD26B004B3921 /* extensions */ = {
			isa = PBXGroup;
			children = (
				21558C3624DDD352004B3921 /* ACPExtension.h */,
				21558C3D24DDD3A8004B3921 /* ACPExtension.m */,
				21558C3724DDD352004B3921 /* ACPExtensionApi.h */,
				21558C3E24DDD3A8004B3921 /* ACPExtensionApi.m */,
				21558C3424DDD352004B3921 /* ACPExtensionError.h */,
				21558C3F24DDD3A8004B3921 /* ACPExtensionError.m */,
				21558C3524DDD352004B3921 /* ACPExtensionListener.h */,
				21558C3C24DDD3A8004B3921 /* ACPExtensionListener.m */,
				21558C4424DE1D44004B3921 /* ACPBridgeExtension.h */,
				21558C4524DE1D44004B3921 /* ACPBridgeExtension.m */,
			);
			path = extensions;
			sourceTree = "<group>";
		};
		7760FA52E364B0E47A19AD11 /* Pods */ = {
			isa = PBXGroup;
			children = (
				FE13D1FCDB9783830360EF51 /* Pods-ACPCore.debug.xcconfig */,
				91F2EFCBAC5F76897D7A8E3E /* Pods-ACPCore.release.xcconfig */,
				96087480F6F8EE933A5D9972 /* Pods-ACPCore-ACPCoreTests.debug.xcconfig */,
				90D385E2E3759857490D2259 /* Pods-ACPCore-ACPCoreTests.release.xcconfig */,
				21C7E300A6664489755A841E /* Pods-ACPUserProfile.debug.xcconfig */,
				9639640F8E8B012FBBF2F35C /* Pods-ACPUserProfile.release.xcconfig */,
				39E3043AA19547343B6B1809 /* Pods-ACPAudience.debug.xcconfig */,
				BA2B12A3E10D4F0295BC67B6 /* Pods-ACPAudience.release.xcconfig */,
				98194C2C6BE8BCEE422CF790 /* Pods-ACPAnalytics.debug.xcconfig */,
				C26E738D6E100EDC7C8CF07D /* Pods-ACPAnalytics.release.xcconfig */,
			);
			path = Pods;
			sourceTree = "<group>";
		};
		92438BE925A5354500359C53 /* ACPAnalytics */ = {
			isa = PBXGroup;
			children = (
				92438BEA25A5354500359C53 /* ACPAnalytics.h */,
				92438BEB25A5354500359C53 /* Info.plist */,
				92438BF425A5388300359C53 /* ACPAnalytics.m */,
			);
			path = ACPAnalytics;
			sourceTree = "<group>";
		};
		BBFCF5992552001B000EA193 /* ACPUserProfile */ = {
			isa = PBXGroup;
			children = (
				3F975D6B256D801100C490DC /* ACPUserProfile.h */,
				BBFCF5A12552004A000EA193 /* ACPUserProfile.m */,
				BBFCF59B2552001B000EA193 /* Info.plist */,
			);
			path = ACPUserProfile;
			sourceTree = "<group>";
		};
		D6DBA86A25A5251A0089FB71 /* ACPAudience */ = {
			isa = PBXGroup;
			children = (
				D6DBA86B25A5251A0089FB71 /* ACPAudience.h */,
				D6DBA88A25A527760089FB71 /* ACPAudience.m */,
				D6DBA86C25A5251A0089FB71 /* Info.plist */,
			);
			path = ACPAudience;
			sourceTree = "<group>";
		};
		E5A701BD62609B58F7C128D8 /* Frameworks */ = {
			isa = PBXGroup;
			children = (
				4CBF8ACCB7BF85927CDCC2F7 /* Pods_ACPCore.framework */,
				0F5FF225D46F436B40871F06 /* Pods_ACPCore_ACPCoreTests.framework */,
				AE930440D2BEA4AB7BBD72ED /* Pods_ACPUserProfile.framework */,
				A70D649236C206224270B160 /* Pods_ACPAudience.framework */,
				23F8EB6057F2220DC4C7C88F /* Pods_ACPAnalytics.framework */,
			);
			name = Frameworks;
			sourceTree = "<group>";
		};
/* End PBXGroup section */

/* Begin PBXHeadersBuildPhase section */
		21558B9D24DCA373004B3921 /* Headers */ = {
			isa = PBXHeadersBuildPhase;
			buildActionMask = 2147483647;
			files = (
				21558BC824DCA415004B3921 /* ACPExtensionEvent.h in Headers */,
				21558C3924DDD352004B3921 /* ACPExtensionListener.h in Headers */,
				21558BCA24DCA415004B3921 /* ACPCore.h in Headers */,
				21558C4624DE1D44004B3921 /* ACPBridgeExtension.h in Headers */,
				21558BB324DCA373004B3921 /* ACPCoreUmbrella.h in Headers */,
				21558C3A24DDD352004B3921 /* ACPExtension.h in Headers */,
				21558C3824DDD352004B3921 /* ACPExtensionError.h in Headers */,
				21558C3B24DDD352004B3921 /* ACPExtensionApi.h in Headers */,
				21558BDA24DCA4F6004B3921 /* ACPSignal.h in Headers */,
				21558BD224DCA4C8004B3921 /* ACPIdentity.h in Headers */,
				21558BCF24DCA415004B3921 /* NSError+AEPError.h in Headers */,
				21558BCD24DCA415004B3921 /* ACPMobileVisitorId.h in Headers */,
				21558BD724DCA4E9004B3921 /* ACPLifecycle.h in Headers */,
			);
			runOnlyForDeploymentPostprocessing = 0;
		};
		92438BE325A5354500359C53 /* Headers */ = {
			isa = PBXHeadersBuildPhase;
			buildActionMask = 2147483647;
			files = (
				92438BEC25A5354500359C53 /* ACPAnalytics.h in Headers */,
			);
			runOnlyForDeploymentPostprocessing = 0;
		};
		BBFCF5932552001B000EA193 /* Headers */ = {
			isa = PBXHeadersBuildPhase;
			buildActionMask = 2147483647;
			files = (
				3F975D6C256D801100C490DC /* ACPUserProfile.h in Headers */,
			);
			runOnlyForDeploymentPostprocessing = 0;
		};
		D6DBA86425A5251A0089FB71 /* Headers */ = {
			isa = PBXHeadersBuildPhase;
			buildActionMask = 2147483647;
			files = (
				D6DBA86D25A5251A0089FB71 /* ACPAudience.h in Headers */,
			);
			runOnlyForDeploymentPostprocessing = 0;
		};
/* End PBXHeadersBuildPhase section */

/* Begin PBXNativeTarget section */
		21558BA124DCA373004B3921 /* ACPCore */ = {
			isa = PBXNativeTarget;
			buildConfigurationList = 21558BB624DCA373004B3921 /* Build configuration list for PBXNativeTarget "ACPCore" */;
			buildPhases = (
				F591E8CBA87CA5C4DE2F8A32 /* [CP] Check Pods Manifest.lock */,
				21558B9D24DCA373004B3921 /* Headers */,
				21558B9E24DCA373004B3921 /* Sources */,
				21558B9F24DCA373004B3921 /* Frameworks */,
				21558BA024DCA373004B3921 /* Resources */,
			);
			buildRules = (
			);
			dependencies = (
			);
			name = ACPCore;
			productName = ACPCore;
			productReference = 21558BA224DCA373004B3921 /* ACPCore.framework */;
			productType = "com.apple.product-type.framework";
		};
		21558BAA24DCA373004B3921 /* ACPCoreTests */ = {
			isa = PBXNativeTarget;
			buildConfigurationList = 21558BB924DCA373004B3921 /* Build configuration list for PBXNativeTarget "ACPCoreTests" */;
			buildPhases = (
				CDE31E2CED7C52A203A69EBE /* [CP] Check Pods Manifest.lock */,
				21558BA724DCA373004B3921 /* Sources */,
				21558BA824DCA373004B3921 /* Frameworks */,
				21558BA924DCA373004B3921 /* Resources */,
				B721B8D30566850E886A9114 /* [CP] Embed Pods Frameworks */,
			);
			buildRules = (
			);
			dependencies = (
				21558BAE24DCA373004B3921 /* PBXTargetDependency */,
			);
			name = ACPCoreTests;
			productName = ACPCoreTests;
			productReference = 21558BAB24DCA373004B3921 /* ACPCoreTests.xctest */;
			productType = "com.apple.product-type.bundle.unit-test";
		};
		92438BE725A5354500359C53 /* ACPAnalytics */ = {
			isa = PBXNativeTarget;
			buildConfigurationList = 92438BEF25A5354500359C53 /* Build configuration list for PBXNativeTarget "ACPAnalytics" */;
			buildPhases = (
				FB9747A685BB3AC765690F0F /* [CP] Check Pods Manifest.lock */,
				92438BE325A5354500359C53 /* Headers */,
				92438BE425A5354500359C53 /* Sources */,
				92438BE525A5354500359C53 /* Frameworks */,
				92438BE625A5354500359C53 /* Resources */,
			);
			buildRules = (
			);
			dependencies = (
			);
			name = ACPAnalytics;
			productName = ACPAnalytics;
			productReference = 92438BE825A5354500359C53 /* ACPAnalytics.framework */;
			productType = "com.apple.product-type.framework";
		};
		BBFCF5972552001B000EA193 /* ACPUserProfile */ = {
			isa = PBXNativeTarget;
			buildConfigurationList = BBFCF59F2552001B000EA193 /* Build configuration list for PBXNativeTarget "ACPUserProfile" */;
			buildPhases = (
				897350843083EDB49CD14EB7 /* [CP] Check Pods Manifest.lock */,
				BBFCF5932552001B000EA193 /* Headers */,
				BBFCF5942552001B000EA193 /* Sources */,
				BBFCF5952552001B000EA193 /* Frameworks */,
				BBFCF5962552001B000EA193 /* Resources */,
			);
			buildRules = (
			);
			dependencies = (
			);
			name = ACPUserProfile;
			productName = ACPUserProfile;
			productReference = BBFCF5982552001B000EA193 /* ACPUserProfile.framework */;
			productType = "com.apple.product-type.framework";
		};
		D6DBA86825A5251A0089FB71 /* ACPAudience */ = {
			isa = PBXNativeTarget;
			buildConfigurationList = D6DBA86E25A5251A0089FB71 /* Build configuration list for PBXNativeTarget "ACPAudience" */;
			buildPhases = (
				9FA7C9B3545D28D05CC0668C /* [CP] Check Pods Manifest.lock */,
				D6DBA86425A5251A0089FB71 /* Headers */,
				D6DBA86525A5251A0089FB71 /* Sources */,
				D6DBA86625A5251A0089FB71 /* Frameworks */,
				D6DBA86725A5251A0089FB71 /* Resources */,
			);
			buildRules = (
			);
			dependencies = (
			);
			name = ACPAudience;
			productName = ACPAudience;
			productReference = D6DBA86925A5251A0089FB71 /* ACPAudience.framework */;
			productType = "com.apple.product-type.framework";
		};
/* End PBXNativeTarget section */

/* Begin PBXProject section */
		21558B9924DCA373004B3921 /* Project object */ = {
			isa = PBXProject;
			attributes = {
				LastUpgradeCheck = 1160;
				ORGANIZATIONNAME = Adobe;
				TargetAttributes = {
					21558BA124DCA373004B3921 = {
						CreatedOnToolsVersion = 11.6;
					};
					21558BAA24DCA373004B3921 = {
						CreatedOnToolsVersion = 11.6;
					};
					92438BE725A5354500359C53 = {
						CreatedOnToolsVersion = 12.2;
					};
					BBFCF5972552001B000EA193 = {
						CreatedOnToolsVersion = 11.7;
					};
					D6DBA86825A5251A0089FB71 = {
						CreatedOnToolsVersion = 12.3;
					};
				};
			};
			buildConfigurationList = 21558B9C24DCA373004B3921 /* Build configuration list for PBXProject "ACPCore" */;
			compatibilityVersion = "Xcode 9.3";
			developmentRegion = en;
			hasScannedForEncodings = 0;
			knownRegions = (
				en,
				Base,
			);
			mainGroup = 21558B9824DCA373004B3921;
			productRefGroup = 21558BA324DCA373004B3921 /* Products */;
			projectDirPath = "";
			projectRoot = "";
			targets = (
				21558BA124DCA373004B3921 /* ACPCore */,
				21558BAA24DCA373004B3921 /* ACPCoreTests */,
				BBFCF5972552001B000EA193 /* ACPUserProfile */,
				D6DBA86825A5251A0089FB71 /* ACPAudience */,
				92438BE725A5354500359C53 /* ACPAnalytics */,
			);
		};
/* End PBXProject section */

/* Begin PBXResourcesBuildPhase section */
		21558BA024DCA373004B3921 /* Resources */ = {
			isa = PBXResourcesBuildPhase;
			buildActionMask = 2147483647;
			files = (
			);
			runOnlyForDeploymentPostprocessing = 0;
		};
		21558BA924DCA373004B3921 /* Resources */ = {
			isa = PBXResourcesBuildPhase;
			buildActionMask = 2147483647;
			files = (
			);
			runOnlyForDeploymentPostprocessing = 0;
		};
		92438BE625A5354500359C53 /* Resources */ = {
			isa = PBXResourcesBuildPhase;
			buildActionMask = 2147483647;
			files = (
			);
			runOnlyForDeploymentPostprocessing = 0;
		};
		BBFCF5962552001B000EA193 /* Resources */ = {
			isa = PBXResourcesBuildPhase;
			buildActionMask = 2147483647;
			files = (
			);
			runOnlyForDeploymentPostprocessing = 0;
		};
		D6DBA86725A5251A0089FB71 /* Resources */ = {
			isa = PBXResourcesBuildPhase;
			buildActionMask = 2147483647;
			files = (
			);
			runOnlyForDeploymentPostprocessing = 0;
		};
/* End PBXResourcesBuildPhase section */

/* Begin PBXShellScriptBuildPhase section */
		897350843083EDB49CD14EB7 /* [CP] Check Pods Manifest.lock */ = {
			isa = PBXShellScriptBuildPhase;
			buildActionMask = 2147483647;
			files = (
			);
			inputFileListPaths = (
			);
			inputPaths = (
				"${PODS_PODFILE_DIR_PATH}/Podfile.lock",
				"${PODS_ROOT}/Manifest.lock",
			);
			name = "[CP] Check Pods Manifest.lock";
			outputFileListPaths = (
			);
			outputPaths = (
				"$(DERIVED_FILE_DIR)/Pods-ACPUserProfile-checkManifestLockResult.txt",
			);
			runOnlyForDeploymentPostprocessing = 0;
			shellPath = /bin/sh;
			shellScript = "diff \"${PODS_PODFILE_DIR_PATH}/Podfile.lock\" \"${PODS_ROOT}/Manifest.lock\" > /dev/null\nif [ $? != 0 ] ; then\n    # print error to STDERR\n    echo \"error: The sandbox is not in sync with the Podfile.lock. Run 'pod install' or update your CocoaPods installation.\" >&2\n    exit 1\nfi\n# This output is used by Xcode 'outputs' to avoid re-running this script phase.\necho \"SUCCESS\" > \"${SCRIPT_OUTPUT_FILE_0}\"\n";
			showEnvVarsInLog = 0;
		};
		9FA7C9B3545D28D05CC0668C /* [CP] Check Pods Manifest.lock */ = {
			isa = PBXShellScriptBuildPhase;
			buildActionMask = 2147483647;
			files = (
			);
			inputFileListPaths = (
			);
			inputPaths = (
				"${PODS_PODFILE_DIR_PATH}/Podfile.lock",
				"${PODS_ROOT}/Manifest.lock",
			);
			name = "[CP] Check Pods Manifest.lock";
			outputFileListPaths = (
			);
			outputPaths = (
				"$(DERIVED_FILE_DIR)/Pods-ACPAudience-checkManifestLockResult.txt",
			);
			runOnlyForDeploymentPostprocessing = 0;
			shellPath = /bin/sh;
			shellScript = "diff \"${PODS_PODFILE_DIR_PATH}/Podfile.lock\" \"${PODS_ROOT}/Manifest.lock\" > /dev/null\nif [ $? != 0 ] ; then\n    # print error to STDERR\n    echo \"error: The sandbox is not in sync with the Podfile.lock. Run 'pod install' or update your CocoaPods installation.\" >&2\n    exit 1\nfi\n# This output is used by Xcode 'outputs' to avoid re-running this script phase.\necho \"SUCCESS\" > \"${SCRIPT_OUTPUT_FILE_0}\"\n";
			showEnvVarsInLog = 0;
		};
		B721B8D30566850E886A9114 /* [CP] Embed Pods Frameworks */ = {
			isa = PBXShellScriptBuildPhase;
			buildActionMask = 2147483647;
			files = (
			);
			inputFileListPaths = (
				"${PODS_ROOT}/Target Support Files/Pods-ACPCore-ACPCoreTests/Pods-ACPCore-ACPCoreTests-frameworks-${CONFIGURATION}-input-files.xcfilelist",
			);
			name = "[CP] Embed Pods Frameworks";
			outputFileListPaths = (
				"${PODS_ROOT}/Target Support Files/Pods-ACPCore-ACPCoreTests/Pods-ACPCore-ACPCoreTests-frameworks-${CONFIGURATION}-output-files.xcfilelist",
			);
			runOnlyForDeploymentPostprocessing = 0;
			shellPath = /bin/sh;
			shellScript = "\"${PODS_ROOT}/Target Support Files/Pods-ACPCore-ACPCoreTests/Pods-ACPCore-ACPCoreTests-frameworks.sh\"\n";
			showEnvVarsInLog = 0;
		};
		CDE31E2CED7C52A203A69EBE /* [CP] Check Pods Manifest.lock */ = {
			isa = PBXShellScriptBuildPhase;
			buildActionMask = 2147483647;
			files = (
			);
			inputFileListPaths = (
			);
			inputPaths = (
				"${PODS_PODFILE_DIR_PATH}/Podfile.lock",
				"${PODS_ROOT}/Manifest.lock",
			);
			name = "[CP] Check Pods Manifest.lock";
			outputFileListPaths = (
			);
			outputPaths = (
				"$(DERIVED_FILE_DIR)/Pods-ACPCore-ACPCoreTests-checkManifestLockResult.txt",
			);
			runOnlyForDeploymentPostprocessing = 0;
			shellPath = /bin/sh;
			shellScript = "diff \"${PODS_PODFILE_DIR_PATH}/Podfile.lock\" \"${PODS_ROOT}/Manifest.lock\" > /dev/null\nif [ $? != 0 ] ; then\n    # print error to STDERR\n    echo \"error: The sandbox is not in sync with the Podfile.lock. Run 'pod install' or update your CocoaPods installation.\" >&2\n    exit 1\nfi\n# This output is used by Xcode 'outputs' to avoid re-running this script phase.\necho \"SUCCESS\" > \"${SCRIPT_OUTPUT_FILE_0}\"\n";
			showEnvVarsInLog = 0;
		};
		F591E8CBA87CA5C4DE2F8A32 /* [CP] Check Pods Manifest.lock */ = {
			isa = PBXShellScriptBuildPhase;
			buildActionMask = 2147483647;
			files = (
			);
			inputFileListPaths = (
			);
			inputPaths = (
				"${PODS_PODFILE_DIR_PATH}/Podfile.lock",
				"${PODS_ROOT}/Manifest.lock",
			);
			name = "[CP] Check Pods Manifest.lock";
			outputFileListPaths = (
			);
			outputPaths = (
				"$(DERIVED_FILE_DIR)/Pods-ACPCore-checkManifestLockResult.txt",
			);
			runOnlyForDeploymentPostprocessing = 0;
			shellPath = /bin/sh;
			shellScript = "diff \"${PODS_PODFILE_DIR_PATH}/Podfile.lock\" \"${PODS_ROOT}/Manifest.lock\" > /dev/null\nif [ $? != 0 ] ; then\n    # print error to STDERR\n    echo \"error: The sandbox is not in sync with the Podfile.lock. Run 'pod install' or update your CocoaPods installation.\" >&2\n    exit 1\nfi\n# This output is used by Xcode 'outputs' to avoid re-running this script phase.\necho \"SUCCESS\" > \"${SCRIPT_OUTPUT_FILE_0}\"\n";
			showEnvVarsInLog = 0;
		};
		FB9747A685BB3AC765690F0F /* [CP] Check Pods Manifest.lock */ = {
			isa = PBXShellScriptBuildPhase;
			buildActionMask = 2147483647;
			files = (
			);
			inputFileListPaths = (
			);
			inputPaths = (
				"${PODS_PODFILE_DIR_PATH}/Podfile.lock",
				"${PODS_ROOT}/Manifest.lock",
			);
			name = "[CP] Check Pods Manifest.lock";
			outputFileListPaths = (
			);
			outputPaths = (
				"$(DERIVED_FILE_DIR)/Pods-ACPAnalytics-checkManifestLockResult.txt",
			);
			runOnlyForDeploymentPostprocessing = 0;
			shellPath = /bin/sh;
			shellScript = "diff \"${PODS_PODFILE_DIR_PATH}/Podfile.lock\" \"${PODS_ROOT}/Manifest.lock\" > /dev/null\nif [ $? != 0 ] ; then\n    # print error to STDERR\n    echo \"error: The sandbox is not in sync with the Podfile.lock. Run 'pod install' or update your CocoaPods installation.\" >&2\n    exit 1\nfi\n# This output is used by Xcode 'outputs' to avoid re-running this script phase.\necho \"SUCCESS\" > \"${SCRIPT_OUTPUT_FILE_0}\"\n";
			showEnvVarsInLog = 0;
		};
/* End PBXShellScriptBuildPhase section */

/* Begin PBXSourcesBuildPhase section */
		21558B9E24DCA373004B3921 /* Sources */ = {
			isa = PBXSourcesBuildPhase;
			buildActionMask = 2147483647;
			files = (
				21558C4324DDD3A8004B3921 /* ACPExtensionError.m in Sources */,
				21558C4124DDD3A8004B3921 /* ACPExtension.m in Sources */,
				21558BD324DCA4C8004B3921 /* ACPIdentity.m in Sources */,
				21558BD624DCA4E9004B3921 /* ACPLifecycle.m in Sources */,
				21558BC924DCA415004B3921 /* ACPExtensionEvent.m in Sources */,
				21558C4724DE1D44004B3921 /* ACPBridgeExtension.m in Sources */,
				21558BCC24DCA415004B3921 /* ACPMobileVisitorId.m in Sources */,
				21558BDB24DCA4F6004B3921 /* ACPSignal.m in Sources */,
				21558BCB24DCA415004B3921 /* ACPCore.m in Sources */,
				21558C4224DDD3A8004B3921 /* ACPExtensionApi.m in Sources */,
				21558C4024DDD3A8004B3921 /* ACPExtensionListener.m in Sources */,
				21558BCE24DCA415004B3921 /* NSError+AEPError.m in Sources */,
			);
			runOnlyForDeploymentPostprocessing = 0;
		};
		21558BA724DCA373004B3921 /* Sources */ = {
			isa = PBXSourcesBuildPhase;
			buildActionMask = 2147483647;
			files = (
				21558BB124DCA373004B3921 /* ACPCoreTests.m in Sources */,
			);
			runOnlyForDeploymentPostprocessing = 0;
		};
		92438BE425A5354500359C53 /* Sources */ = {
			isa = PBXSourcesBuildPhase;
			buildActionMask = 2147483647;
			files = (
				92438BF525A5388300359C53 /* ACPAnalytics.m in Sources */,
			);
			runOnlyForDeploymentPostprocessing = 0;
		};
		BBFCF5942552001B000EA193 /* Sources */ = {
			isa = PBXSourcesBuildPhase;
			buildActionMask = 2147483647;
			files = (
				BBFCF5A32552004A000EA193 /* ACPUserProfile.m in Sources */,
			);
			runOnlyForDeploymentPostprocessing = 0;
		};
		D6DBA86525A5251A0089FB71 /* Sources */ = {
			isa = PBXSourcesBuildPhase;
			buildActionMask = 2147483647;
			files = (
				D6DBA88B25A527760089FB71 /* ACPAudience.m in Sources */,
			);
			runOnlyForDeploymentPostprocessing = 0;
		};
/* End PBXSourcesBuildPhase section */

/* Begin PBXTargetDependency section */
		21558BAE24DCA373004B3921 /* PBXTargetDependency */ = {
			isa = PBXTargetDependency;
			target = 21558BA124DCA373004B3921 /* ACPCore */;
			targetProxy = 21558BAD24DCA373004B3921 /* PBXContainerItemProxy */;
		};
/* End PBXTargetDependency section */

/* Begin XCBuildConfiguration section */
		21558BB424DCA373004B3921 /* Debug */ = {
			isa = XCBuildConfiguration;
			buildSettings = {
				ALWAYS_SEARCH_USER_PATHS = NO;
				CLANG_ANALYZER_NONNULL = YES;
				CLANG_ANALYZER_NUMBER_OBJECT_CONVERSION = YES_AGGRESSIVE;
				CLANG_CXX_LANGUAGE_STANDARD = "gnu++14";
				CLANG_CXX_LIBRARY = "libc++";
				CLANG_ENABLE_MODULES = YES;
				CLANG_ENABLE_OBJC_ARC = YES;
				CLANG_ENABLE_OBJC_WEAK = YES;
				CLANG_WARN_BLOCK_CAPTURE_AUTORELEASING = YES;
				CLANG_WARN_BOOL_CONVERSION = YES;
				CLANG_WARN_COMMA = YES;
				CLANG_WARN_CONSTANT_CONVERSION = YES;
				CLANG_WARN_DEPRECATED_OBJC_IMPLEMENTATIONS = YES;
				CLANG_WARN_DIRECT_OBJC_ISA_USAGE = YES_ERROR;
				CLANG_WARN_DOCUMENTATION_COMMENTS = YES;
				CLANG_WARN_EMPTY_BODY = YES;
				CLANG_WARN_ENUM_CONVERSION = YES;
				CLANG_WARN_INFINITE_RECURSION = YES;
				CLANG_WARN_INT_CONVERSION = YES;
				CLANG_WARN_NON_LITERAL_NULL_CONVERSION = YES;
				CLANG_WARN_OBJC_IMPLICIT_RETAIN_SELF = YES;
				CLANG_WARN_OBJC_LITERAL_CONVERSION = YES;
				CLANG_WARN_OBJC_ROOT_CLASS = YES_ERROR;
				CLANG_WARN_RANGE_LOOP_ANALYSIS = YES;
				CLANG_WARN_STRICT_PROTOTYPES = YES;
				CLANG_WARN_SUSPICIOUS_MOVE = YES;
				CLANG_WARN_UNGUARDED_AVAILABILITY = YES_AGGRESSIVE;
				CLANG_WARN_UNREACHABLE_CODE = YES;
				CLANG_WARN__DUPLICATE_METHOD_MATCH = YES;
				COPY_PHASE_STRIP = NO;
				CURRENT_PROJECT_VERSION = 1;
				DEBUG_INFORMATION_FORMAT = dwarf;
				ENABLE_STRICT_OBJC_MSGSEND = YES;
				ENABLE_TESTABILITY = YES;
				GCC_C_LANGUAGE_STANDARD = gnu11;
				GCC_DYNAMIC_NO_PIC = NO;
				GCC_NO_COMMON_BLOCKS = YES;
				GCC_OPTIMIZATION_LEVEL = 0;
				GCC_PREPROCESSOR_DEFINITIONS = (
					"DEBUG=1",
					"$(inherited)",
				);
				GCC_WARN_64_TO_32_BIT_CONVERSION = YES;
				GCC_WARN_ABOUT_RETURN_TYPE = YES_ERROR;
				GCC_WARN_UNDECLARED_SELECTOR = YES;
				GCC_WARN_UNINITIALIZED_AUTOS = YES_AGGRESSIVE;
				GCC_WARN_UNUSED_FUNCTION = YES;
				GCC_WARN_UNUSED_VARIABLE = YES;
				IPHONEOS_DEPLOYMENT_TARGET = 13.6;
				MTL_ENABLE_DEBUG_INFO = INCLUDE_SOURCE;
				MTL_FAST_MATH = YES;
				ONLY_ACTIVE_ARCH = YES;
				SDKROOT = iphoneos;
				VERSIONING_SYSTEM = "apple-generic";
				VERSION_INFO_PREFIX = "";
			};
			name = Debug;
		};
		21558BB524DCA373004B3921 /* Release */ = {
			isa = XCBuildConfiguration;
			buildSettings = {
				ALWAYS_SEARCH_USER_PATHS = NO;
				CLANG_ANALYZER_NONNULL = YES;
				CLANG_ANALYZER_NUMBER_OBJECT_CONVERSION = YES_AGGRESSIVE;
				CLANG_CXX_LANGUAGE_STANDARD = "gnu++14";
				CLANG_CXX_LIBRARY = "libc++";
				CLANG_ENABLE_MODULES = YES;
				CLANG_ENABLE_OBJC_ARC = YES;
				CLANG_ENABLE_OBJC_WEAK = YES;
				CLANG_WARN_BLOCK_CAPTURE_AUTORELEASING = YES;
				CLANG_WARN_BOOL_CONVERSION = YES;
				CLANG_WARN_COMMA = YES;
				CLANG_WARN_CONSTANT_CONVERSION = YES;
				CLANG_WARN_DEPRECATED_OBJC_IMPLEMENTATIONS = YES;
				CLANG_WARN_DIRECT_OBJC_ISA_USAGE = YES_ERROR;
				CLANG_WARN_DOCUMENTATION_COMMENTS = YES;
				CLANG_WARN_EMPTY_BODY = YES;
				CLANG_WARN_ENUM_CONVERSION = YES;
				CLANG_WARN_INFINITE_RECURSION = YES;
				CLANG_WARN_INT_CONVERSION = YES;
				CLANG_WARN_NON_LITERAL_NULL_CONVERSION = YES;
				CLANG_WARN_OBJC_IMPLICIT_RETAIN_SELF = YES;
				CLANG_WARN_OBJC_LITERAL_CONVERSION = YES;
				CLANG_WARN_OBJC_ROOT_CLASS = YES_ERROR;
				CLANG_WARN_RANGE_LOOP_ANALYSIS = YES;
				CLANG_WARN_STRICT_PROTOTYPES = YES;
				CLANG_WARN_SUSPICIOUS_MOVE = YES;
				CLANG_WARN_UNGUARDED_AVAILABILITY = YES_AGGRESSIVE;
				CLANG_WARN_UNREACHABLE_CODE = YES;
				CLANG_WARN__DUPLICATE_METHOD_MATCH = YES;
				COPY_PHASE_STRIP = NO;
				CURRENT_PROJECT_VERSION = 1;
				DEBUG_INFORMATION_FORMAT = "dwarf-with-dsym";
				ENABLE_NS_ASSERTIONS = NO;
				ENABLE_STRICT_OBJC_MSGSEND = YES;
				GCC_C_LANGUAGE_STANDARD = gnu11;
				GCC_NO_COMMON_BLOCKS = YES;
				GCC_WARN_64_TO_32_BIT_CONVERSION = YES;
				GCC_WARN_ABOUT_RETURN_TYPE = YES_ERROR;
				GCC_WARN_UNDECLARED_SELECTOR = YES;
				GCC_WARN_UNINITIALIZED_AUTOS = YES_AGGRESSIVE;
				GCC_WARN_UNUSED_FUNCTION = YES;
				GCC_WARN_UNUSED_VARIABLE = YES;
				IPHONEOS_DEPLOYMENT_TARGET = 13.6;
				MTL_ENABLE_DEBUG_INFO = NO;
				MTL_FAST_MATH = YES;
				SDKROOT = iphoneos;
				VALIDATE_PRODUCT = YES;
				VERSIONING_SYSTEM = "apple-generic";
				VERSION_INFO_PREFIX = "";
			};
			name = Release;
		};
		21558BB724DCA373004B3921 /* Debug */ = {
			isa = XCBuildConfiguration;
			baseConfigurationReference = FE13D1FCDB9783830360EF51 /* Pods-ACPCore.debug.xcconfig */;
			buildSettings = {
				CODE_SIGN_STYLE = Automatic;
				DEFINES_MODULE = YES;
				DEVELOPMENT_TEAM = "";
				DYLIB_COMPATIBILITY_VERSION = 1;
				DYLIB_CURRENT_VERSION = 1;
				DYLIB_INSTALL_NAME_BASE = "@rpath";
				INFOPLIST_FILE = ACPCore/Info.plist;
				INSTALL_PATH = "$(LOCAL_LIBRARY_DIR)/Frameworks";
				LD_RUNPATH_SEARCH_PATHS = (
					"$(inherited)",
					"@executable_path/Frameworks",
					"@loader_path/Frameworks",
				);
				MODULEMAP_FILE = ACPCore/module.modulemap;
				PRODUCT_BUNDLE_IDENTIFIER = Adobe.ACPCore;
				PRODUCT_NAME = "$(TARGET_NAME:c99extidentifier)";
				SKIP_INSTALL = YES;
				TARGETED_DEVICE_FAMILY = "1,2";
			};
			name = Debug;
		};
		21558BB824DCA373004B3921 /* Release */ = {
			isa = XCBuildConfiguration;
			baseConfigurationReference = 91F2EFCBAC5F76897D7A8E3E /* Pods-ACPCore.release.xcconfig */;
			buildSettings = {
				CODE_SIGN_STYLE = Automatic;
				DEFINES_MODULE = YES;
				DEVELOPMENT_TEAM = "";
				DYLIB_COMPATIBILITY_VERSION = 1;
				DYLIB_CURRENT_VERSION = 1;
				DYLIB_INSTALL_NAME_BASE = "@rpath";
				INFOPLIST_FILE = ACPCore/Info.plist;
				INSTALL_PATH = "$(LOCAL_LIBRARY_DIR)/Frameworks";
				LD_RUNPATH_SEARCH_PATHS = (
					"$(inherited)",
					"@executable_path/Frameworks",
					"@loader_path/Frameworks",
				);
				MODULEMAP_FILE = ACPCore/module.modulemap;
				PRODUCT_BUNDLE_IDENTIFIER = Adobe.ACPCore;
				PRODUCT_NAME = "$(TARGET_NAME:c99extidentifier)";
				SKIP_INSTALL = YES;
				TARGETED_DEVICE_FAMILY = "1,2";
			};
			name = Release;
		};
		21558BBA24DCA373004B3921 /* Debug */ = {
			isa = XCBuildConfiguration;
			baseConfigurationReference = 96087480F6F8EE933A5D9972 /* Pods-ACPCore-ACPCoreTests.debug.xcconfig */;
			buildSettings = {
				CODE_SIGN_STYLE = Automatic;
				DEVELOPMENT_TEAM = GP6Z9HB7H4;
				INFOPLIST_FILE = ACPCoreTests/Info.plist;
				LD_RUNPATH_SEARCH_PATHS = (
					"$(inherited)",
					"@executable_path/Frameworks",
					"@loader_path/Frameworks",
				);
				PRODUCT_BUNDLE_IDENTIFIER = Adobe.ACPCoreTests;
				PRODUCT_NAME = "$(TARGET_NAME)";
				TARGETED_DEVICE_FAMILY = "1,2";
			};
			name = Debug;
		};
		21558BBB24DCA373004B3921 /* Release */ = {
			isa = XCBuildConfiguration;
			baseConfigurationReference = 90D385E2E3759857490D2259 /* Pods-ACPCore-ACPCoreTests.release.xcconfig */;
			buildSettings = {
				CODE_SIGN_STYLE = Automatic;
				DEVELOPMENT_TEAM = GP6Z9HB7H4;
				INFOPLIST_FILE = ACPCoreTests/Info.plist;
				LD_RUNPATH_SEARCH_PATHS = (
					"$(inherited)",
					"@executable_path/Frameworks",
					"@loader_path/Frameworks",
				);
				PRODUCT_BUNDLE_IDENTIFIER = Adobe.ACPCoreTests;
				PRODUCT_NAME = "$(TARGET_NAME)";
				TARGETED_DEVICE_FAMILY = "1,2";
			};
			name = Release;
		};
		92438BED25A5354500359C53 /* Debug */ = {
			isa = XCBuildConfiguration;
			baseConfigurationReference = 98194C2C6BE8BCEE422CF790 /* Pods-ACPAnalytics.debug.xcconfig */;
			buildSettings = {
				CLANG_WARN_QUOTED_INCLUDE_IN_FRAMEWORK_HEADER = YES;
				CODE_SIGN_STYLE = Automatic;
				DEFINES_MODULE = YES;
				DEVELOPMENT_TEAM = "";
				DYLIB_COMPATIBILITY_VERSION = 1;
				DYLIB_CURRENT_VERSION = 1;
				DYLIB_INSTALL_NAME_BASE = "@rpath";
				INFOPLIST_FILE = ACPAnalytics/Info.plist;
				INSTALL_PATH = "$(LOCAL_LIBRARY_DIR)/Frameworks";
				IPHONEOS_DEPLOYMENT_TARGET = 13.6;
				LD_RUNPATH_SEARCH_PATHS = (
					"$(inherited)",
					"@executable_path/Frameworks",
					"@loader_path/Frameworks",
				);
				PRODUCT_BUNDLE_IDENTIFIER = com.adobe.aep.ACPAnalytics;
				PRODUCT_NAME = "$(TARGET_NAME:c99extidentifier)";
				SKIP_INSTALL = YES;
				TARGETED_DEVICE_FAMILY = "1,2";
			};
			name = Debug;
		};
		92438BEE25A5354500359C53 /* Release */ = {
			isa = XCBuildConfiguration;
			baseConfigurationReference = C26E738D6E100EDC7C8CF07D /* Pods-ACPAnalytics.release.xcconfig */;
			buildSettings = {
				CLANG_WARN_QUOTED_INCLUDE_IN_FRAMEWORK_HEADER = YES;
				CODE_SIGN_STYLE = Automatic;
				DEFINES_MODULE = YES;
				DEVELOPMENT_TEAM = "";
				DYLIB_COMPATIBILITY_VERSION = 1;
				DYLIB_CURRENT_VERSION = 1;
				DYLIB_INSTALL_NAME_BASE = "@rpath";
				INFOPLIST_FILE = ACPAnalytics/Info.plist;
				INSTALL_PATH = "$(LOCAL_LIBRARY_DIR)/Frameworks";
				IPHONEOS_DEPLOYMENT_TARGET = 13.6;
				LD_RUNPATH_SEARCH_PATHS = (
					"$(inherited)",
					"@executable_path/Frameworks",
					"@loader_path/Frameworks",
				);
				PRODUCT_BUNDLE_IDENTIFIER = com.adobe.aep.ACPAnalytics;
				PRODUCT_NAME = "$(TARGET_NAME:c99extidentifier)";
				SKIP_INSTALL = YES;
				TARGETED_DEVICE_FAMILY = "1,2";
			};
			name = Release;
		};
		BBFCF59D2552001B000EA193 /* Debug */ = {
			isa = XCBuildConfiguration;
			baseConfigurationReference = 21C7E300A6664489755A841E /* Pods-ACPUserProfile.debug.xcconfig */;
			buildSettings = {
				CODE_SIGN_STYLE = Automatic;
				DEFINES_MODULE = YES;
				DYLIB_COMPATIBILITY_VERSION = 1;
				DYLIB_CURRENT_VERSION = 1;
				DYLIB_INSTALL_NAME_BASE = "@rpath";
				INFOPLIST_FILE = ACPUserProfile/Info.plist;
				INSTALL_PATH = "$(LOCAL_LIBRARY_DIR)/Frameworks";
				IPHONEOS_DEPLOYMENT_TARGET = 13.7;
				LD_RUNPATH_SEARCH_PATHS = (
					"$(inherited)",
					"@executable_path/Frameworks",
					"@loader_path/Frameworks",
				);
				PRODUCT_BUNDLE_IDENTIFIER = com.adobe.aep.ACPUserProfile;
				PRODUCT_NAME = "$(TARGET_NAME:c99extidentifier)";
				SKIP_INSTALL = YES;
				TARGETED_DEVICE_FAMILY = "1,2";
			};
			name = Debug;
		};
		BBFCF59E2552001B000EA193 /* Release */ = {
			isa = XCBuildConfiguration;
			baseConfigurationReference = 9639640F8E8B012FBBF2F35C /* Pods-ACPUserProfile.release.xcconfig */;
			buildSettings = {
				CODE_SIGN_STYLE = Automatic;
				DEFINES_MODULE = YES;
				DYLIB_COMPATIBILITY_VERSION = 1;
				DYLIB_CURRENT_VERSION = 1;
				DYLIB_INSTALL_NAME_BASE = "@rpath";
				INFOPLIST_FILE = ACPUserProfile/Info.plist;
				INSTALL_PATH = "$(LOCAL_LIBRARY_DIR)/Frameworks";
				IPHONEOS_DEPLOYMENT_TARGET = 13.7;
				LD_RUNPATH_SEARCH_PATHS = (
					"$(inherited)",
					"@executable_path/Frameworks",
					"@loader_path/Frameworks",
				);
				PRODUCT_BUNDLE_IDENTIFIER = com.adobe.aep.ACPUserProfile;
				PRODUCT_NAME = "$(TARGET_NAME:c99extidentifier)";
				SKIP_INSTALL = YES;
				TARGETED_DEVICE_FAMILY = "1,2";
			};
			name = Release;
		};
		D6DBA86F25A5251A0089FB71 /* Debug */ = {
			isa = XCBuildConfiguration;
			baseConfigurationReference = 39E3043AA19547343B6B1809 /* Pods-ACPAudience.debug.xcconfig */;
			buildSettings = {
				CLANG_WARN_QUOTED_INCLUDE_IN_FRAMEWORK_HEADER = YES;
				CODE_SIGN_STYLE = Automatic;
				DEFINES_MODULE = YES;
				DEVELOPMENT_TEAM = "";
				DYLIB_COMPATIBILITY_VERSION = 1;
				DYLIB_CURRENT_VERSION = 1;
				DYLIB_INSTALL_NAME_BASE = "@rpath";
				INFOPLIST_FILE = ACPAudience/Info.plist;
				INSTALL_PATH = "$(LOCAL_LIBRARY_DIR)/Frameworks";
				IPHONEOS_DEPLOYMENT_TARGET = 13.6;
				LD_RUNPATH_SEARCH_PATHS = (
					"$(inherited)",
					"@executable_path/Frameworks",
					"@loader_path/Frameworks",
				);
				PRODUCT_BUNDLE_IDENTIFIER = com.adobe.aep.ACPAudience;
				PRODUCT_NAME = "$(TARGET_NAME:c99extidentifier)";
				SKIP_INSTALL = YES;
				TARGETED_DEVICE_FAMILY = "1,2";
			};
			name = Debug;
		};
		D6DBA87025A5251A0089FB71 /* Release */ = {
			isa = XCBuildConfiguration;
			baseConfigurationReference = BA2B12A3E10D4F0295BC67B6 /* Pods-ACPAudience.release.xcconfig */;
			buildSettings = {
				CLANG_WARN_QUOTED_INCLUDE_IN_FRAMEWORK_HEADER = YES;
				CODE_SIGN_STYLE = Automatic;
				DEFINES_MODULE = YES;
				DEVELOPMENT_TEAM = "";
				DYLIB_COMPATIBILITY_VERSION = 1;
				DYLIB_CURRENT_VERSION = 1;
				DYLIB_INSTALL_NAME_BASE = "@rpath";
				INFOPLIST_FILE = ACPAudience/Info.plist;
				INSTALL_PATH = "$(LOCAL_LIBRARY_DIR)/Frameworks";
				IPHONEOS_DEPLOYMENT_TARGET = 13.6;
				LD_RUNPATH_SEARCH_PATHS = (
					"$(inherited)",
					"@executable_path/Frameworks",
					"@loader_path/Frameworks",
				);
				PRODUCT_BUNDLE_IDENTIFIER = com.adobe.aep.ACPAudience;
				PRODUCT_NAME = "$(TARGET_NAME:c99extidentifier)";
				SKIP_INSTALL = YES;
				TARGETED_DEVICE_FAMILY = "1,2";
			};
			name = Release;
		};
/* End XCBuildConfiguration section */

/* Begin XCConfigurationList section */
		21558B9C24DCA373004B3921 /* Build configuration list for PBXProject "ACPCore" */ = {
			isa = XCConfigurationList;
			buildConfigurations = (
				21558BB424DCA373004B3921 /* Debug */,
				21558BB524DCA373004B3921 /* Release */,
			);
			defaultConfigurationIsVisible = 0;
			defaultConfigurationName = Release;
		};
		21558BB624DCA373004B3921 /* Build configuration list for PBXNativeTarget "ACPCore" */ = {
			isa = XCConfigurationList;
			buildConfigurations = (
				21558BB724DCA373004B3921 /* Debug */,
				21558BB824DCA373004B3921 /* Release */,
			);
			defaultConfigurationIsVisible = 0;
			defaultConfigurationName = Release;
		};
		21558BB924DCA373004B3921 /* Build configuration list for PBXNativeTarget "ACPCoreTests" */ = {
			isa = XCConfigurationList;
			buildConfigurations = (
				21558BBA24DCA373004B3921 /* Debug */,
				21558BBB24DCA373004B3921 /* Release */,
			);
			defaultConfigurationIsVisible = 0;
			defaultConfigurationName = Release;
		};
		92438BEF25A5354500359C53 /* Build configuration list for PBXNativeTarget "ACPAnalytics" */ = {
			isa = XCConfigurationList;
			buildConfigurations = (
				92438BED25A5354500359C53 /* Debug */,
				92438BEE25A5354500359C53 /* Release */,
			);
			defaultConfigurationIsVisible = 0;
			defaultConfigurationName = Release;
		};
		BBFCF59F2552001B000EA193 /* Build configuration list for PBXNativeTarget "ACPUserProfile" */ = {
			isa = XCConfigurationList;
			buildConfigurations = (
				BBFCF59D2552001B000EA193 /* Debug */,
				BBFCF59E2552001B000EA193 /* Release */,
			);
			defaultConfigurationIsVisible = 0;
			defaultConfigurationName = Release;
		};
		D6DBA86E25A5251A0089FB71 /* Build configuration list for PBXNativeTarget "ACPAudience" */ = {
			isa = XCConfigurationList;
			buildConfigurations = (
				D6DBA86F25A5251A0089FB71 /* Debug */,
				D6DBA87025A5251A0089FB71 /* Release */,
			);
			defaultConfigurationIsVisible = 0;
			defaultConfigurationName = Release;
		};
/* End XCConfigurationList section */
	};
	rootObject = 21558B9924DCA373004B3921 /* Project object */;
}
